// !$*UTF8*$!
{
	archiveVersion = 1;
	classes = {
	};
	objectVersion = 50;
	objects = {

/* Begin PBXBuildFile section */
		4502182D254A5F930090BB09 /* 이순신Bold.otf in Resources */ = {isa = PBXBuildFile; fileRef = 4502182C254A5F930090BB09 /* 이순신Bold.otf */; };
		458C91B02548764D001D3111 /* IllustViewController.swift in Sources */ = {isa = PBXBuildFile; fileRef = 458C91AF2548764D001D3111 /* IllustViewController.swift */; };
		BAA1A31A2547246E0003966C /* AppDelegate.swift in Sources */ = {isa = PBXBuildFile; fileRef = BAA1A3192547246E0003966C /* AppDelegate.swift */; };
		BAA1A31C2547246E0003966C /* SceneDelegate.swift in Sources */ = {isa = PBXBuildFile; fileRef = BAA1A31B2547246E0003966C /* SceneDelegate.swift */; };
		BAA1A326254724700003966C /* LaunchScreen.storyboard in Resources */ = {isa = PBXBuildFile; fileRef = BAA1A324254724700003966C /* LaunchScreen.storyboard */; };
		BAA1A331254724700003966C /* FUNHIFACTORYPROTOTYPETests.swift in Sources */ = {isa = PBXBuildFile; fileRef = BAA1A330254724700003966C /* FUNHIFACTORYPROTOTYPETests.swift */; };
		BAA1A33C254724700003966C /* FUNHIFACTORYPROTOTYPEUITests.swift in Sources */ = {isa = PBXBuildFile; fileRef = BAA1A33B254724700003966C /* FUNHIFACTORYPROTOTYPEUITests.swift */; };
		BAA1A357254725110003966C /* MainGameViewController.swift in Sources */ = {isa = PBXBuildFile; fileRef = BAA1A34F254725110003966C /* MainGameViewController.swift */; };
		BAA1A358254725110003966C /* Instances.swift in Sources */ = {isa = PBXBuildFile; fileRef = BAA1A350254725110003966C /* Instances.swift */; };
		BAA1A359254725110003966C /* MainGameTableViewCell.swift in Sources */ = {isa = PBXBuildFile; fileRef = BAA1A351254725110003966C /* MainGameTableViewCell.swift */; };
		BAA1A35A254725110003966C /* GameOverViewController.swift in Sources */ = {isa = PBXBuildFile; fileRef = BAA1A352254725110003966C /* GameOverViewController.swift */; };
		BAA1A35B254725110003966C /* SettingViewController.swift in Sources */ = {isa = PBXBuildFile; fileRef = BAA1A353254725110003966C /* SettingViewController.swift */; };
		BAA1A35C254725110003966C /* DataModel.swift in Sources */ = {isa = PBXBuildFile; fileRef = BAA1A354254725110003966C /* DataModel.swift */; };
		BAA1A36B2547267A0003966C /* Main.storyboard in Resources */ = {isa = PBXBuildFile; fileRef = BAA1A3692547267A0003966C /* Main.storyboard */; };
		BAA1A37A254726E70003966C /* NotoSansCJKkr-Medium.otf in Resources */ = {isa = PBXBuildFile; fileRef = BAA1A370254726E70003966C /* NotoSansCJKkr-Medium.otf */; };
		BAA1A37B254726E70003966C /* RIDIBatang.otf in Resources */ = {isa = PBXBuildFile; fileRef = BAA1A371254726E70003966C /* RIDIBatang.otf */; };
		BAA1A37C254726E70003966C /* NotoSerifCJKkr-Regular.otf in Resources */ = {isa = PBXBuildFile; fileRef = BAA1A372254726E70003966C /* NotoSerifCJKkr-Regular.otf */; };
		BAA1A37D254726E70003966C /* SF-Pro-Text-Bold.otf in Resources */ = {isa = PBXBuildFile; fileRef = BAA1A373254726E70003966C /* SF-Pro-Text-Bold.otf */; };
		BAA1A37E254726E70003966C /* NotoSerifCJKkr-Bold.otf in Resources */ = {isa = PBXBuildFile; fileRef = BAA1A374254726E70003966C /* NotoSerifCJKkr-Bold.otf */; };
		BAA1A37F254726E70003966C /* NANUMBARUNGOTHIC.TTF in Resources */ = {isa = PBXBuildFile; fileRef = BAA1A375254726E70003966C /* NANUMBARUNGOTHIC.TTF */; };
		BAA1A380254726E70003966C /* NotoSansCJKkr-Light.otf in Resources */ = {isa = PBXBuildFile; fileRef = BAA1A376254726E70003966C /* NotoSansCJKkr-Light.otf */; };
		BAA1A381254726E70003966C /* NotoSansCJKkr-Regular.otf in Resources */ = {isa = PBXBuildFile; fileRef = BAA1A377254726E70003966C /* NotoSansCJKkr-Regular.otf */; };
		BAA1A382254726E70003966C /* NotoSansCJKkr-Bold.otf in Resources */ = {isa = PBXBuildFile; fileRef = BAA1A378254726E70003966C /* NotoSansCJKkr-Bold.otf */; };
		BAA1A383254726E70003966C /* NANUMBARUNGOTHICBOLD.TTF in Resources */ = {isa = PBXBuildFile; fileRef = BAA1A379254726E70003966C /* NANUMBARUNGOTHICBOLD.TTF */; };
		BAA1A3902547270F0003966C /* Assets.xcassets in Resources */ = {isa = PBXBuildFile; fileRef = BAA1A38F2547270F0003966C /* Assets.xcassets */; };
		BAA1A395254733230003966C /* constraintCode.swift in Sources */ = {isa = PBXBuildFile; fileRef = BAA1A394254733230003966C /* constraintCode.swift */; };
/* End PBXBuildFile section */

/* Begin PBXContainerItemProxy section */
		BAA1A32D254724700003966C /* PBXContainerItemProxy */ = {
			isa = PBXContainerItemProxy;
			containerPortal = BAA1A30E2547246E0003966C /* Project object */;
			proxyType = 1;
			remoteGlobalIDString = BAA1A3152547246E0003966C;
			remoteInfo = FUNHIFACTORYPROTOTYPE;
		};
		BAA1A338254724700003966C /* PBXContainerItemProxy */ = {
			isa = PBXContainerItemProxy;
			containerPortal = BAA1A30E2547246E0003966C /* Project object */;
			proxyType = 1;
			remoteGlobalIDString = BAA1A3152547246E0003966C;
			remoteInfo = FUNHIFACTORYPROTOTYPE;
		};
/* End PBXContainerItemProxy section */

/* Begin PBXFileReference section */
		4502182C254A5F930090BB09 /* 이순신Bold.otf */ = {isa = PBXFileReference; lastKnownFileType = file; path = "이순신Bold.otf"; sourceTree = "<group>"; };
		458C91AF2548764D001D3111 /* IllustViewController.swift */ = {isa = PBXFileReference; lastKnownFileType = sourcecode.swift; path = IllustViewController.swift; sourceTree = "<group>"; };
		BAA1A3162547246E0003966C /* FUNHIFACTORYPROTOTYPE.app */ = {isa = PBXFileReference; explicitFileType = wrapper.application; includeInIndex = 0; path = FUNHIFACTORYPROTOTYPE.app; sourceTree = BUILT_PRODUCTS_DIR; };
		BAA1A3192547246E0003966C /* AppDelegate.swift */ = {isa = PBXFileReference; lastKnownFileType = sourcecode.swift; path = AppDelegate.swift; sourceTree = "<group>"; };
		BAA1A31B2547246E0003966C /* SceneDelegate.swift */ = {isa = PBXFileReference; lastKnownFileType = sourcecode.swift; path = SceneDelegate.swift; sourceTree = "<group>"; };
		BAA1A325254724700003966C /* Base */ = {isa = PBXFileReference; lastKnownFileType = file.storyboard; name = Base; path = Base.lproj/LaunchScreen.storyboard; sourceTree = "<group>"; };
		BAA1A327254724700003966C /* Info.plist */ = {isa = PBXFileReference; lastKnownFileType = text.plist.xml; path = Info.plist; sourceTree = "<group>"; };
		BAA1A32C254724700003966C /* FUNHIFACTORYPROTOTYPETests.xctest */ = {isa = PBXFileReference; explicitFileType = wrapper.cfbundle; includeInIndex = 0; path = FUNHIFACTORYPROTOTYPETests.xctest; sourceTree = BUILT_PRODUCTS_DIR; };
		BAA1A330254724700003966C /* FUNHIFACTORYPROTOTYPETests.swift */ = {isa = PBXFileReference; lastKnownFileType = sourcecode.swift; path = FUNHIFACTORYPROTOTYPETests.swift; sourceTree = "<group>"; };
		BAA1A332254724700003966C /* Info.plist */ = {isa = PBXFileReference; lastKnownFileType = text.plist.xml; path = Info.plist; sourceTree = "<group>"; };
		BAA1A337254724700003966C /* FUNHIFACTORYPROTOTYPEUITests.xctest */ = {isa = PBXFileReference; explicitFileType = wrapper.cfbundle; includeInIndex = 0; path = FUNHIFACTORYPROTOTYPEUITests.xctest; sourceTree = BUILT_PRODUCTS_DIR; };
		BAA1A33B254724700003966C /* FUNHIFACTORYPROTOTYPEUITests.swift */ = {isa = PBXFileReference; lastKnownFileType = sourcecode.swift; path = FUNHIFACTORYPROTOTYPEUITests.swift; sourceTree = "<group>"; };
		BAA1A33D254724700003966C /* Info.plist */ = {isa = PBXFileReference; lastKnownFileType = text.plist.xml; path = Info.plist; sourceTree = "<group>"; };
		BAA1A34F254725110003966C /* MainGameViewController.swift */ = {isa = PBXFileReference; fileEncoding = 4; lastKnownFileType = sourcecode.swift; path = MainGameViewController.swift; sourceTree = "<group>"; };
		BAA1A350254725110003966C /* Instances.swift */ = {isa = PBXFileReference; fileEncoding = 4; lastKnownFileType = sourcecode.swift; path = Instances.swift; sourceTree = "<group>"; };
		BAA1A351254725110003966C /* MainGameTableViewCell.swift */ = {isa = PBXFileReference; fileEncoding = 4; lastKnownFileType = sourcecode.swift; path = MainGameTableViewCell.swift; sourceTree = "<group>"; };
		BAA1A352254725110003966C /* GameOverViewController.swift */ = {isa = PBXFileReference; fileEncoding = 4; lastKnownFileType = sourcecode.swift; path = GameOverViewController.swift; sourceTree = "<group>"; };
		BAA1A353254725110003966C /* SettingViewController.swift */ = {isa = PBXFileReference; fileEncoding = 4; lastKnownFileType = sourcecode.swift; path = SettingViewController.swift; sourceTree = "<group>"; };
		BAA1A354254725110003966C /* DataModel.swift */ = {isa = PBXFileReference; fileEncoding = 4; lastKnownFileType = sourcecode.swift; path = DataModel.swift; sourceTree = "<group>"; };
		BAA1A36A2547267A0003966C /* Base */ = {isa = PBXFileReference; lastKnownFileType = file.storyboard; name = Base; path = Base.lproj/Main.storyboard; sourceTree = "<group>"; };
		BAA1A370254726E70003966C /* NotoSansCJKkr-Medium.otf */ = {isa = PBXFileReference; lastKnownFileType = file; path = "NotoSansCJKkr-Medium.otf"; sourceTree = "<group>"; };
		BAA1A371254726E70003966C /* RIDIBatang.otf */ = {isa = PBXFileReference; lastKnownFileType = file; path = RIDIBatang.otf; sourceTree = "<group>"; };
		BAA1A372254726E70003966C /* NotoSerifCJKkr-Regular.otf */ = {isa = PBXFileReference; lastKnownFileType = file; path = "NotoSerifCJKkr-Regular.otf"; sourceTree = "<group>"; };
		BAA1A373254726E70003966C /* SF-Pro-Text-Bold.otf */ = {isa = PBXFileReference; lastKnownFileType = file; path = "SF-Pro-Text-Bold.otf"; sourceTree = "<group>"; };
		BAA1A374254726E70003966C /* NotoSerifCJKkr-Bold.otf */ = {isa = PBXFileReference; lastKnownFileType = file; path = "NotoSerifCJKkr-Bold.otf"; sourceTree = "<group>"; };
		BAA1A375254726E70003966C /* NANUMBARUNGOTHIC.TTF */ = {isa = PBXFileReference; lastKnownFileType = file; path = NANUMBARUNGOTHIC.TTF; sourceTree = "<group>"; };
		BAA1A376254726E70003966C /* NotoSansCJKkr-Light.otf */ = {isa = PBXFileReference; lastKnownFileType = file; path = "NotoSansCJKkr-Light.otf"; sourceTree = "<group>"; };
		BAA1A377254726E70003966C /* NotoSansCJKkr-Regular.otf */ = {isa = PBXFileReference; lastKnownFileType = file; path = "NotoSansCJKkr-Regular.otf"; sourceTree = "<group>"; };
		BAA1A378254726E70003966C /* NotoSansCJKkr-Bold.otf */ = {isa = PBXFileReference; lastKnownFileType = file; path = "NotoSansCJKkr-Bold.otf"; sourceTree = "<group>"; };
		BAA1A379254726E70003966C /* NANUMBARUNGOTHICBOLD.TTF */ = {isa = PBXFileReference; lastKnownFileType = file; path = NANUMBARUNGOTHICBOLD.TTF; sourceTree = "<group>"; };
		BAA1A38F2547270F0003966C /* Assets.xcassets */ = {isa = PBXFileReference; lastKnownFileType = folder.assetcatalog; path = Assets.xcassets; sourceTree = "<group>"; };
		BAA1A394254733230003966C /* constraintCode.swift */ = {isa = PBXFileReference; lastKnownFileType = sourcecode.swift; path = constraintCode.swift; sourceTree = "<group>"; };
/* End PBXFileReference section */

/* Begin PBXFrameworksBuildPhase section */
		BAA1A3132547246E0003966C /* Frameworks */ = {
			isa = PBXFrameworksBuildPhase;
			buildActionMask = 2147483647;
			files = (
			);
			runOnlyForDeploymentPostprocessing = 0;
		};
		BAA1A329254724700003966C /* Frameworks */ = {
			isa = PBXFrameworksBuildPhase;
			buildActionMask = 2147483647;
			files = (
			);
			runOnlyForDeploymentPostprocessing = 0;
		};
		BAA1A334254724700003966C /* Frameworks */ = {
			isa = PBXFrameworksBuildPhase;
			buildActionMask = 2147483647;
			files = (
			);
			runOnlyForDeploymentPostprocessing = 0;
		};
/* End PBXFrameworksBuildPhase section */

/* Begin PBXGroup section */
		BAA1A30D2547246E0003966C = {
			isa = PBXGroup;
			children = (
				BAA1A3182547246E0003966C /* FUNHIFACTORYPROTOTYPE */,
				BAA1A32F254724700003966C /* FUNHIFACTORYPROTOTYPETests */,
				BAA1A33A254724700003966C /* FUNHIFACTORYPROTOTYPEUITests */,
				BAA1A3172547246E0003966C /* Products */,
			);
			sourceTree = "<group>";
		};
		BAA1A3172547246E0003966C /* Products */ = {
			isa = PBXGroup;
			children = (
				BAA1A3162547246E0003966C /* FUNHIFACTORYPROTOTYPE.app */,
				BAA1A32C254724700003966C /* FUNHIFACTORYPROTOTYPETests.xctest */,
				BAA1A337254724700003966C /* FUNHIFACTORYPROTOTYPEUITests.xctest */,
			);
			name = Products;
			sourceTree = "<group>";
		};
		BAA1A3182547246E0003966C /* FUNHIFACTORYPROTOTYPE */ = {
			isa = PBXGroup;
			children = (
				BAA1A3192547246E0003966C /* AppDelegate.swift */,
				BAA1A31B2547246E0003966C /* SceneDelegate.swift */,
				BAA1A354254725110003966C /* DataModel.swift */,
				BAA1A352254725110003966C /* GameOverViewController.swift */,
				BAA1A350254725110003966C /* Instances.swift */,
				BAA1A38F2547270F0003966C /* Assets.xcassets */,
				BAA1A3692547267A0003966C /* Main.storyboard */,
				BAA1A36F254726E70003966C /* Font */,
				BAA1A351254725110003966C /* MainGameTableViewCell.swift */,
				458C91AF2548764D001D3111 /* IllustViewController.swift */,
				BAA1A34F254725110003966C /* MainGameViewController.swift */,
				BAA1A394254733230003966C /* constraintCode.swift */,
				BAA1A353254725110003966C /* SettingViewController.swift */,
				BAA1A324254724700003966C /* LaunchScreen.storyboard */,
				BAA1A327254724700003966C /* Info.plist */,
			);
			path = FUNHIFACTORYPROTOTYPE;
			sourceTree = "<group>";
		};
		BAA1A32F254724700003966C /* FUNHIFACTORYPROTOTYPETests */ = {
			isa = PBXGroup;
			children = (
				BAA1A330254724700003966C /* FUNHIFACTORYPROTOTYPETests.swift */,
				BAA1A332254724700003966C /* Info.plist */,
			);
			path = FUNHIFACTORYPROTOTYPETests;
			sourceTree = "<group>";
		};
		BAA1A33A254724700003966C /* FUNHIFACTORYPROTOTYPEUITests */ = {
			isa = PBXGroup;
			children = (
				BAA1A33B254724700003966C /* FUNHIFACTORYPROTOTYPEUITests.swift */,
				BAA1A33D254724700003966C /* Info.plist */,
			);
			path = FUNHIFACTORYPROTOTYPEUITests;
			sourceTree = "<group>";
		};
		BAA1A36F254726E70003966C /* Font */ = {
			isa = PBXGroup;
			children = (
				BAA1A370254726E70003966C /* NotoSansCJKkr-Medium.otf */,
				BAA1A371254726E70003966C /* RIDIBatang.otf */,
				BAA1A372254726E70003966C /* NotoSerifCJKkr-Regular.otf */,
				BAA1A373254726E70003966C /* SF-Pro-Text-Bold.otf */,
				BAA1A374254726E70003966C /* NotoSerifCJKkr-Bold.otf */,
				BAA1A375254726E70003966C /* NANUMBARUNGOTHIC.TTF */,
				BAA1A376254726E70003966C /* NotoSansCJKkr-Light.otf */,
				BAA1A377254726E70003966C /* NotoSansCJKkr-Regular.otf */,
				4502182C254A5F930090BB09 /* 이순신Bold.otf */,
				BAA1A378254726E70003966C /* NotoSansCJKkr-Bold.otf */,
				BAA1A379254726E70003966C /* NANUMBARUNGOTHICBOLD.TTF */,
			);
			path = Font;
			sourceTree = "<group>";
		};
/* End PBXGroup section */

/* Begin PBXNativeTarget section */
		BAA1A3152547246E0003966C /* FUNHIFACTORYPROTOTYPE */ = {
			isa = PBXNativeTarget;
			buildConfigurationList = BAA1A340254724700003966C /* Build configuration list for PBXNativeTarget "FUNHIFACTORYPROTOTYPE" */;
			buildPhases = (
				BAA1A3122547246E0003966C /* Sources */,
				BAA1A3132547246E0003966C /* Frameworks */,
				BAA1A3142547246E0003966C /* Resources */,
			);
			buildRules = (
			);
			dependencies = (
			);
			name = FUNHIFACTORYPROTOTYPE;
			productName = FUNHIFACTORYPROTOTYPE;
			productReference = BAA1A3162547246E0003966C /* FUNHIFACTORYPROTOTYPE.app */;
			productType = "com.apple.product-type.application";
		};
		BAA1A32B254724700003966C /* FUNHIFACTORYPROTOTYPETests */ = {
			isa = PBXNativeTarget;
			buildConfigurationList = BAA1A343254724700003966C /* Build configuration list for PBXNativeTarget "FUNHIFACTORYPROTOTYPETests" */;
			buildPhases = (
				BAA1A328254724700003966C /* Sources */,
				BAA1A329254724700003966C /* Frameworks */,
				BAA1A32A254724700003966C /* Resources */,
			);
			buildRules = (
			);
			dependencies = (
				BAA1A32E254724700003966C /* PBXTargetDependency */,
			);
			name = FUNHIFACTORYPROTOTYPETests;
			productName = FUNHIFACTORYPROTOTYPETests;
			productReference = BAA1A32C254724700003966C /* FUNHIFACTORYPROTOTYPETests.xctest */;
			productType = "com.apple.product-type.bundle.unit-test";
		};
		BAA1A336254724700003966C /* FUNHIFACTORYPROTOTYPEUITests */ = {
			isa = PBXNativeTarget;
			buildConfigurationList = BAA1A346254724700003966C /* Build configuration list for PBXNativeTarget "FUNHIFACTORYPROTOTYPEUITests" */;
			buildPhases = (
				BAA1A333254724700003966C /* Sources */,
				BAA1A334254724700003966C /* Frameworks */,
				BAA1A335254724700003966C /* Resources */,
			);
			buildRules = (
			);
			dependencies = (
				BAA1A339254724700003966C /* PBXTargetDependency */,
			);
			name = FUNHIFACTORYPROTOTYPEUITests;
			productName = FUNHIFACTORYPROTOTYPEUITests;
			productReference = BAA1A337254724700003966C /* FUNHIFACTORYPROTOTYPEUITests.xctest */;
			productType = "com.apple.product-type.bundle.ui-testing";
		};
/* End PBXNativeTarget section */

/* Begin PBXProject section */
		BAA1A30E2547246E0003966C /* Project object */ = {
			isa = PBXProject;
			attributes = {
				LastSwiftUpdateCheck = 1210;
				LastUpgradeCheck = 1210;
				TargetAttributes = {
					BAA1A3152547246E0003966C = {
						CreatedOnToolsVersion = 12.1;
					};
					BAA1A32B254724700003966C = {
						CreatedOnToolsVersion = 12.1;
						TestTargetID = BAA1A3152547246E0003966C;
					};
					BAA1A336254724700003966C = {
						CreatedOnToolsVersion = 12.1;
						TestTargetID = BAA1A3152547246E0003966C;
					};
				};
			};
			buildConfigurationList = BAA1A3112547246E0003966C /* Build configuration list for PBXProject "FUNHIFACTORYPROTOTYPE" */;
			compatibilityVersion = "Xcode 9.3";
			developmentRegion = en;
			hasScannedForEncodings = 0;
			knownRegions = (
				en,
				Base,
			);
			mainGroup = BAA1A30D2547246E0003966C;
			productRefGroup = BAA1A3172547246E0003966C /* Products */;
			projectDirPath = "";
			projectRoot = "";
			targets = (
				BAA1A3152547246E0003966C /* FUNHIFACTORYPROTOTYPE */,
				BAA1A32B254724700003966C /* FUNHIFACTORYPROTOTYPETests */,
				BAA1A336254724700003966C /* FUNHIFACTORYPROTOTYPEUITests */,
			);
		};
/* End PBXProject section */

/* Begin PBXResourcesBuildPhase section */
		BAA1A3142547246E0003966C /* Resources */ = {
			isa = PBXResourcesBuildPhase;
			buildActionMask = 2147483647;
			files = (
				BAA1A326254724700003966C /* LaunchScreen.storyboard in Resources */,
				BAA1A382254726E70003966C /* NotoSansCJKkr-Bold.otf in Resources */,
				BAA1A36B2547267A0003966C /* Main.storyboard in Resources */,
				BAA1A37D254726E70003966C /* SF-Pro-Text-Bold.otf in Resources */,
				BAA1A37E254726E70003966C /* NotoSerifCJKkr-Bold.otf in Resources */,
				BAA1A37B254726E70003966C /* RIDIBatang.otf in Resources */,
				BAA1A3902547270F0003966C /* Assets.xcassets in Resources */,
				4502182D254A5F930090BB09 /* 이순신Bold.otf in Resources */,
				BAA1A381254726E70003966C /* NotoSansCJKkr-Regular.otf in Resources */,
				BAA1A37F254726E70003966C /* NANUMBARUNGOTHIC.TTF in Resources */,
				BAA1A37C254726E70003966C /* NotoSerifCJKkr-Regular.otf in Resources */,
				BAA1A380254726E70003966C /* NotoSansCJKkr-Light.otf in Resources */,
				BAA1A383254726E70003966C /* NANUMBARUNGOTHICBOLD.TTF in Resources */,
				BAA1A37A254726E70003966C /* NotoSansCJKkr-Medium.otf in Resources */,
			);
			runOnlyForDeploymentPostprocessing = 0;
		};
		BAA1A32A254724700003966C /* Resources */ = {
			isa = PBXResourcesBuildPhase;
			buildActionMask = 2147483647;
			files = (
			);
			runOnlyForDeploymentPostprocessing = 0;
		};
		BAA1A335254724700003966C /* Resources */ = {
			isa = PBXResourcesBuildPhase;
			buildActionMask = 2147483647;
			files = (
			);
			runOnlyForDeploymentPostprocessing = 0;
		};
/* End PBXResourcesBuildPhase section */

/* Begin PBXSourcesBuildPhase section */
		BAA1A3122547246E0003966C /* Sources */ = {
			isa = PBXSourcesBuildPhase;
			buildActionMask = 2147483647;
			files = (
				BAA1A359254725110003966C /* MainGameTableViewCell.swift in Sources */,
				BAA1A357254725110003966C /* MainGameViewController.swift in Sources */,
				BAA1A35A254725110003966C /* GameOverViewController.swift in Sources */,
				458C91B02548764D001D3111 /* IllustViewController.swift in Sources */,
				BAA1A31A2547246E0003966C /* AppDelegate.swift in Sources */,
				BAA1A358254725110003966C /* Instances.swift in Sources */,
				BAA1A35C254725110003966C /* DataModel.swift in Sources */,
				BAA1A35B254725110003966C /* SettingViewController.swift in Sources */,
				BAA1A395254733230003966C /* constraintCode.swift in Sources */,
				BAA1A31C2547246E0003966C /* SceneDelegate.swift in Sources */,
			);
			runOnlyForDeploymentPostprocessing = 0;
		};
		BAA1A328254724700003966C /* Sources */ = {
			isa = PBXSourcesBuildPhase;
			buildActionMask = 2147483647;
			files = (
				BAA1A331254724700003966C /* FUNHIFACTORYPROTOTYPETests.swift in Sources */,
			);
			runOnlyForDeploymentPostprocessing = 0;
		};
		BAA1A333254724700003966C /* Sources */ = {
			isa = PBXSourcesBuildPhase;
			buildActionMask = 2147483647;
			files = (
				BAA1A33C254724700003966C /* FUNHIFACTORYPROTOTYPEUITests.swift in Sources */,
			);
			runOnlyForDeploymentPostprocessing = 0;
		};
/* End PBXSourcesBuildPhase section */

/* Begin PBXTargetDependency section */
		BAA1A32E254724700003966C /* PBXTargetDependency */ = {
			isa = PBXTargetDependency;
			target = BAA1A3152547246E0003966C /* FUNHIFACTORYPROTOTYPE */;
			targetProxy = BAA1A32D254724700003966C /* PBXContainerItemProxy */;
		};
		BAA1A339254724700003966C /* PBXTargetDependency */ = {
			isa = PBXTargetDependency;
			target = BAA1A3152547246E0003966C /* FUNHIFACTORYPROTOTYPE */;
			targetProxy = BAA1A338254724700003966C /* PBXContainerItemProxy */;
		};
/* End PBXTargetDependency section */

/* Begin PBXVariantGroup section */
		BAA1A324254724700003966C /* LaunchScreen.storyboard */ = {
			isa = PBXVariantGroup;
			children = (
				BAA1A325254724700003966C /* Base */,
			);
			name = LaunchScreen.storyboard;
			sourceTree = "<group>";
		};
		BAA1A3692547267A0003966C /* Main.storyboard */ = {
			isa = PBXVariantGroup;
			children = (
				BAA1A36A2547267A0003966C /* Base */,
			);
			name = Main.storyboard;
			sourceTree = "<group>";
		};
/* End PBXVariantGroup section */

/* Begin XCBuildConfiguration section */
		BAA1A33E254724700003966C /* Debug */ = {
			isa = XCBuildConfiguration;
			buildSettings = {
				ALWAYS_SEARCH_USER_PATHS = NO;
				CLANG_ANALYZER_NONNULL = YES;
				CLANG_ANALYZER_NUMBER_OBJECT_CONVERSION = YES_AGGRESSIVE;
				CLANG_CXX_LANGUAGE_STANDARD = "gnu++14";
				CLANG_CXX_LIBRARY = "libc++";
				CLANG_ENABLE_MODULES = YES;
				CLANG_ENABLE_OBJC_ARC = YES;
				CLANG_ENABLE_OBJC_WEAK = YES;
				CLANG_WARN_BLOCK_CAPTURE_AUTORELEASING = YES;
				CLANG_WARN_BOOL_CONVERSION = YES;
				CLANG_WARN_COMMA = YES;
				CLANG_WARN_CONSTANT_CONVERSION = YES;
				CLANG_WARN_DEPRECATED_OBJC_IMPLEMENTATIONS = YES;
				CLANG_WARN_DIRECT_OBJC_ISA_USAGE = YES_ERROR;
				CLANG_WARN_DOCUMENTATION_COMMENTS = YES;
				CLANG_WARN_EMPTY_BODY = YES;
				CLANG_WARN_ENUM_CONVERSION = YES;
				CLANG_WARN_INFINITE_RECURSION = YES;
				CLANG_WARN_INT_CONVERSION = YES;
				CLANG_WARN_NON_LITERAL_NULL_CONVERSION = YES;
				CLANG_WARN_OBJC_IMPLICIT_RETAIN_SELF = YES;
				CLANG_WARN_OBJC_LITERAL_CONVERSION = YES;
				CLANG_WARN_OBJC_ROOT_CLASS = YES_ERROR;
				CLANG_WARN_QUOTED_INCLUDE_IN_FRAMEWORK_HEADER = YES;
				CLANG_WARN_RANGE_LOOP_ANALYSIS = YES;
				CLANG_WARN_STRICT_PROTOTYPES = YES;
				CLANG_WARN_SUSPICIOUS_MOVE = YES;
				CLANG_WARN_UNGUARDED_AVAILABILITY = YES_AGGRESSIVE;
				CLANG_WARN_UNREACHABLE_CODE = YES;
				CLANG_WARN__DUPLICATE_METHOD_MATCH = YES;
				COPY_PHASE_STRIP = NO;
				DEBUG_INFORMATION_FORMAT = dwarf;
				ENABLE_STRICT_OBJC_MSGSEND = YES;
				ENABLE_TESTABILITY = YES;
				GCC_C_LANGUAGE_STANDARD = gnu11;
				GCC_DYNAMIC_NO_PIC = NO;
				GCC_NO_COMMON_BLOCKS = YES;
				GCC_OPTIMIZATION_LEVEL = 0;
				GCC_PREPROCESSOR_DEFINITIONS = (
					"DEBUG=1",
					"$(inherited)",
				);
				GCC_WARN_64_TO_32_BIT_CONVERSION = YES;
				GCC_WARN_ABOUT_RETURN_TYPE = YES_ERROR;
				GCC_WARN_UNDECLARED_SELECTOR = YES;
				GCC_WARN_UNINITIALIZED_AUTOS = YES_AGGRESSIVE;
				GCC_WARN_UNUSED_FUNCTION = YES;
				GCC_WARN_UNUSED_VARIABLE = YES;
				IPHONEOS_DEPLOYMENT_TARGET = 14.1;
				MTL_ENABLE_DEBUG_INFO = INCLUDE_SOURCE;
				MTL_FAST_MATH = YES;
				ONLY_ACTIVE_ARCH = YES;
				SDKROOT = iphoneos;
				SWIFT_ACTIVE_COMPILATION_CONDITIONS = DEBUG;
				SWIFT_OPTIMIZATION_LEVEL = "-Onone";
			};
			name = Debug;
		};
		BAA1A33F254724700003966C /* Release */ = {
			isa = XCBuildConfiguration;
			buildSettings = {
				ALWAYS_SEARCH_USER_PATHS = NO;
				CLANG_ANALYZER_NONNULL = YES;
				CLANG_ANALYZER_NUMBER_OBJECT_CONVERSION = YES_AGGRESSIVE;
				CLANG_CXX_LANGUAGE_STANDARD = "gnu++14";
				CLANG_CXX_LIBRARY = "libc++";
				CLANG_ENABLE_MODULES = YES;
				CLANG_ENABLE_OBJC_ARC = YES;
				CLANG_ENABLE_OBJC_WEAK = YES;
				CLANG_WARN_BLOCK_CAPTURE_AUTORELEASING = YES;
				CLANG_WARN_BOOL_CONVERSION = YES;
				CLANG_WARN_COMMA = YES;
				CLANG_WARN_CONSTANT_CONVERSION = YES;
				CLANG_WARN_DEPRECATED_OBJC_IMPLEMENTATIONS = YES;
				CLANG_WARN_DIRECT_OBJC_ISA_USAGE = YES_ERROR;
				CLANG_WARN_DOCUMENTATION_COMMENTS = YES;
				CLANG_WARN_EMPTY_BODY = YES;
				CLANG_WARN_ENUM_CONVERSION = YES;
				CLANG_WARN_INFINITE_RECURSION = YES;
				CLANG_WARN_INT_CONVERSION = YES;
				CLANG_WARN_NON_LITERAL_NULL_CONVERSION = YES;
				CLANG_WARN_OBJC_IMPLICIT_RETAIN_SELF = YES;
				CLANG_WARN_OBJC_LITERAL_CONVERSION = YES;
				CLANG_WARN_OBJC_ROOT_CLASS = YES_ERROR;
				CLANG_WARN_QUOTED_INCLUDE_IN_FRAMEWORK_HEADER = YES;
				CLANG_WARN_RANGE_LOOP_ANALYSIS = YES;
				CLANG_WARN_STRICT_PROTOTYPES = YES;
				CLANG_WARN_SUSPICIOUS_MOVE = YES;
				CLANG_WARN_UNGUARDED_AVAILABILITY = YES_AGGRESSIVE;
				CLANG_WARN_UNREACHABLE_CODE = YES;
				CLANG_WARN__DUPLICATE_METHOD_MATCH = YES;
				COPY_PHASE_STRIP = NO;
				DEBUG_INFORMATION_FORMAT = "dwarf-with-dsym";
				ENABLE_NS_ASSERTIONS = NO;
				ENABLE_STRICT_OBJC_MSGSEND = YES;
				GCC_C_LANGUAGE_STANDARD = gnu11;
				GCC_NO_COMMON_BLOCKS = YES;
				GCC_WARN_64_TO_32_BIT_CONVERSION = YES;
				GCC_WARN_ABOUT_RETURN_TYPE = YES_ERROR;
				GCC_WARN_UNDECLARED_SELECTOR = YES;
				GCC_WARN_UNINITIALIZED_AUTOS = YES_AGGRESSIVE;
				GCC_WARN_UNUSED_FUNCTION = YES;
				GCC_WARN_UNUSED_VARIABLE = YES;
				IPHONEOS_DEPLOYMENT_TARGET = 14.1;
				MTL_ENABLE_DEBUG_INFO = NO;
				MTL_FAST_MATH = YES;
				SDKROOT = iphoneos;
				SWIFT_COMPILATION_MODE = wholemodule;
				SWIFT_OPTIMIZATION_LEVEL = "-O";
				VALIDATE_PRODUCT = YES;
			};
			name = Release;
		};
		BAA1A341254724700003966C /* Debug */ = {
			isa = XCBuildConfiguration;
			buildSettings = {
				ASSETCATALOG_COMPILER_APPICON_NAME = AppIcon;
				ASSETCATALOG_COMPILER_GLOBAL_ACCENT_COLOR_NAME = AccentColor;
				CODE_SIGN_STYLE = Automatic;
				DEVELOPMENT_TEAM = 4QG3GC35LA;
				INFOPLIST_FILE = FUNHIFACTORYPROTOTYPE/Info.plist;
				LD_RUNPATH_SEARCH_PATHS = (
					"$(inherited)",
					"@executable_path/Frameworks",
				);
				PRODUCT_BUNDLE_IDENTIFIER = com.heroson.FUNHIFACTORYPROTOTYPE;
				PRODUCT_NAME = "$(TARGET_NAME)";
				SWIFT_VERSION = 5.0;
				TARGETED_DEVICE_FAMILY = "1,2";
			};
			name = Debug;
		};
		BAA1A342254724700003966C /* Release */ = {
			isa = XCBuildConfiguration;
			buildSettings = {
				ASSETCATALOG_COMPILER_APPICON_NAME = AppIcon;
				ASSETCATALOG_COMPILER_GLOBAL_ACCENT_COLOR_NAME = AccentColor;
				CODE_SIGN_STYLE = Automatic;
				DEVELOPMENT_TEAM = 4QG3GC35LA;
				INFOPLIST_FILE = FUNHIFACTORYPROTOTYPE/Info.plist;
				LD_RUNPATH_SEARCH_PATHS = (
					"$(inherited)",
					"@executable_path/Frameworks",
				);
				PRODUCT_BUNDLE_IDENTIFIER = com.heroson.FUNHIFACTORYPROTOTYPE;
				PRODUCT_NAME = "$(TARGET_NAME)";
				SWIFT_VERSION = 5.0;
				TARGETED_DEVICE_FAMILY = "1,2";
			};
			name = Release;
		};
		BAA1A344254724700003966C /* Debug */ = {
			isa = XCBuildConfiguration;
			buildSettings = {
				ALWAYS_EMBED_SWIFT_STANDARD_LIBRARIES = YES;
				BUNDLE_LOADER = "$(TEST_HOST)";
				CODE_SIGN_STYLE = Automatic;
				INFOPLIST_FILE = FUNHIFACTORYPROTOTYPETests/Info.plist;
				IPHONEOS_DEPLOYMENT_TARGET = 14.1;
				LD_RUNPATH_SEARCH_PATHS = (
					"$(inherited)",
					"@executable_path/Frameworks",
					"@loader_path/Frameworks",
				);
				PRODUCT_BUNDLE_IDENTIFIER = com.heroson.FUNHIFACTORYPROTOTYPETests;
				PRODUCT_NAME = "$(TARGET_NAME)";
				SWIFT_VERSION = 5.0;
				TARGETED_DEVICE_FAMILY = "1,2";
				TEST_HOST = "$(BUILT_PRODUCTS_DIR)/FUNHIFACTORYPROTOTYPE.app/FUNHIFACTORYPROTOTYPE";
			};
			name = Debug;
		};
		BAA1A345254724700003966C /* Release */ = {
			isa = XCBuildConfiguration;
			buildSettings = {
				ALWAYS_EMBED_SWIFT_STANDARD_LIBRARIES = YES;
				BUNDLE_LOADER = "$(TEST_HOST)";
				CODE_SIGN_STYLE = Automatic;
				INFOPLIST_FILE = FUNHIFACTORYPROTOTYPETests/Info.plist;
				IPHONEOS_DEPLOYMENT_TARGET = 14.1;
				LD_RUNPATH_SEARCH_PATHS = (
					"$(inherited)",
					"@executable_path/Frameworks",
					"@loader_path/Frameworks",
				);
				PRODUCT_BUNDLE_IDENTIFIER = com.heroson.FUNHIFACTORYPROTOTYPETests;
				PRODUCT_NAME = "$(TARGET_NAME)";
				SWIFT_VERSION = 5.0;
				TARGETED_DEVICE_FAMILY = "1,2";
				TEST_HOST = "$(BUILT_PRODUCTS_DIR)/FUNHIFACTORYPROTOTYPE.app/FUNHIFACTORYPROTOTYPE";
			};
			name = Release;
		};
		BAA1A347254724700003966C /* Debug */ = {
			isa = XCBuildConfiguration;
			buildSettings = {
				ALWAYS_EMBED_SWIFT_STANDARD_LIBRARIES = YES;
				CODE_SIGN_STYLE = Automatic;
				INFOPLIST_FILE = FUNHIFACTORYPROTOTYPEUITests/Info.plist;
				LD_RUNPATH_SEARCH_PATHS = (
					"$(inherited)",
					"@executable_path/Frameworks",
					"@loader_path/Frameworks",
				);
				PRODUCT_BUNDLE_IDENTIFIER = com.heroson.FUNHIFACTORYPROTOTYPEUITests;
				PRODUCT_NAME = "$(TARGET_NAME)";
				SWIFT_VERSION = 5.0;
				TARGETED_DEVICE_FAMILY = "1,2";
				TEST_TARGET_NAME = FUNHIFACTORYPROTOTYPE;
			};
			name = Debug;
		};
		BAA1A348254724700003966C /* Release */ = {
			isa = XCBuildConfiguration;
			buildSettings = {
				ALWAYS_EMBED_SWIFT_STANDARD_LIBRARIES = YES;
				CODE_SIGN_STYLE = Automatic;
				INFOPLIST_FILE = FUNHIFACTORYPROTOTYPEUITests/Info.plist;
				LD_RUNPATH_SEARCH_PATHS = (
					"$(inherited)",
					"@executable_path/Frameworks",
					"@loader_path/Frameworks",
				);
				PRODUCT_BUNDLE_IDENTIFIER = com.heroson.FUNHIFACTORYPROTOTYPEUITests;
				PRODUCT_NAME = "$(TARGET_NAME)";
				SWIFT_VERSION = 5.0;
				TARGETED_DEVICE_FAMILY = "1,2";
				TEST_TARGET_NAME = FUNHIFACTORYPROTOTYPE;
			};
			name = Release;
		};
/* End XCBuildConfiguration section */

/* Begin XCConfigurationList section */
		BAA1A3112547246E0003966C /* Build configuration list for PBXProject "FUNHIFACTORYPROTOTYPE" */ = {
			isa = XCConfigurationList;
			buildConfigurations = (
				BAA1A33E254724700003966C /* Debug */,
				BAA1A33F254724700003966C /* Release */,
			);
			defaultConfigurationIsVisible = 0;
			defaultConfigurationName = Release;
		};
		BAA1A340254724700003966C /* Build configuration list for PBXNativeTarget "FUNHIFACTORYPROTOTYPE" */ = {
			isa = XCConfigurationList;
			buildConfigurations = (
				BAA1A341254724700003966C /* Debug */,
				BAA1A342254724700003966C /* Release */,
			);
			defaultConfigurationIsVisible = 0;
			defaultConfigurationName = Release;
		};
		BAA1A343254724700003966C /* Build configuration list for PBXNativeTarget "FUNHIFACTORYPROTOTYPETests" */ = {
			isa = XCConfigurationList;
			buildConfigurations = (
				BAA1A344254724700003966C /* Debug */,
				BAA1A345254724700003966C /* Release */,
			);
			defaultConfigurationIsVisible = 0;
			defaultConfigurationName = Release;
		};
		BAA1A346254724700003966C /* Build configuration list for PBXNativeTarget "FUNHIFACTORYPROTOTYPEUITests" */ = {
			isa = XCConfigurationList;
			buildConfigurations = (
				BAA1A347254724700003966C /* Debug */,
				BAA1A348254724700003966C /* Release */,
			);
			defaultConfigurationIsVisible = 0;
			defaultConfigurationName = Release;
		};
/* End XCConfigurationList section */
	};
	rootObject = BAA1A30E2547246E0003966C /* Project object */;
}
