// !$*UTF8*$!
{
	archiveVersion = 1;
	classes = {
	};
	objectVersion = 51;
	objects = {

/* Begin PBXBuildFile section */
		45181CBE26AF12E8007F8DF5 /* AlbumViewController.swift in Sources */ = {isa = PBXBuildFile; fileRef = 45181CBD26AF12E8007F8DF5 /* AlbumViewController.swift */; };
		4524E9B126C7A41900FB9315 /* ProgressView.xib in Resources */ = {isa = PBXBuildFile; fileRef = 4524E9B026C7A41900FB9315 /* ProgressView.xib */; };
		4524E9B326C7A42500FB9315 /* ProgressView.swift in Sources */ = {isa = PBXBuildFile; fileRef = 4524E9B226C7A42500FB9315 /* ProgressView.swift */; };
		4524E9B526C7B3FA00FB9315 /* UIColorExtension.swift in Sources */ = {isa = PBXBuildFile; fileRef = 4524E9B426C7B3FA00FB9315 /* UIColorExtension.swift */; };
		4524E9B726C9EAC100FB9315 /* FloatingButton.swift in Sources */ = {isa = PBXBuildFile; fileRef = 4524E9B626C9EAC100FB9315 /* FloatingButton.swift */; };
		4524E9B926CA3F5E00FB9315 /* TutorialModel.swift in Sources */ = {isa = PBXBuildFile; fileRef = 4524E9B826CA3F5D00FB9315 /* TutorialModel.swift */; };
		4524E9BB26CA576800FB9315 /* UIViewControllerExtension.swift in Sources */ = {isa = PBXBuildFile; fileRef = 4524E9BA26CA576800FB9315 /* UIViewControllerExtension.swift */; };
		4524E9BD26CA95D500FB9315 /* ScrollViewExtension.swift in Sources */ = {isa = PBXBuildFile; fileRef = 4524E9BC26CA95D400FB9315 /* ScrollViewExtension.swift */; };
		4524E9BF26CA972200FB9315 /* MaingameARViewController.swift in Sources */ = {isa = PBXBuildFile; fileRef = 4524E9BE26CA972200FB9315 /* MaingameARViewController.swift */; };
		453B3EB525F1F55300AC4E53 /* NoteView.storyboard in Resources */ = {isa = PBXBuildFile; fileRef = 453B3EB425F1F55300AC4E53 /* NoteView.storyboard */; };
		4548735025F758C800D61F6B /* NanumSquareBold.ttf in Resources */ = {isa = PBXBuildFile; fileRef = 4548734125F758C600D61F6B /* NanumSquareBold.ttf */; };
		4548735425F758C800D61F6B /* 경기천년바탕_Regular.ttf in Resources */ = {isa = PBXBuildFile; fileRef = 4548734525F758C700D61F6B /* 경기천년바탕_Regular.ttf */; };
		4548735A25F758C800D61F6B /* 나눔손글씨 할아버지의나눔.ttf in Resources */ = {isa = PBXBuildFile; fileRef = 4548734B25F758C700D61F6B /* 나눔손글씨 할아버지의나눔.ttf */; };
		4548735C25F758C800D61F6B /* 경기천년바탕_Bold.ttf in Resources */ = {isa = PBXBuildFile; fileRef = 4548734D25F758C700D61F6B /* 경기천년바탕_Bold.ttf */; };
		4548735D25F758C800D61F6B /* NanumSquareRegular.ttf in Resources */ = {isa = PBXBuildFile; fileRef = 4548734E25F758C700D61F6B /* NanumSquareRegular.ttf */; };
		4548735E25F758C800D61F6B /* NanumSquareExtraBold.ttf in Resources */ = {isa = PBXBuildFile; fileRef = 4548734F25F758C700D61F6B /* NanumSquareExtraBold.ttf */; };
		456BA65C26BD8177003F89D5 /* EpisodeCell.xib in Resources */ = {isa = PBXBuildFile; fileRef = 456BA65B26BD8177003F89D5 /* EpisodeCell.xib */; };
		456BA65E26BD8185003F89D5 /* EpisodeCell.swift in Sources */ = {isa = PBXBuildFile; fileRef = 456BA65D26BD8185003F89D5 /* EpisodeCell.swift */; };
		456BA66026BE5DB4003F89D5 /* CheckPointCell.swift in Sources */ = {isa = PBXBuildFile; fileRef = 456BA65F26BE5DB4003F89D5 /* CheckPointCell.swift */; };
		456BA66226BE8A79003F89D5 /* EpisodeCurrentCell.xib in Resources */ = {isa = PBXBuildFile; fileRef = 456BA66126BE8A79003F89D5 /* EpisodeCurrentCell.xib */; };
		456BA66426BE8AA7003F89D5 /* EpisodeCurrentCell.swift in Sources */ = {isa = PBXBuildFile; fileRef = 456BA66326BE8AA6003F89D5 /* EpisodeCurrentCell.swift */; };
		456BA66726BE9F0B003F89D5 /* IntExtension.swift in Sources */ = {isa = PBXBuildFile; fileRef = 456BA66626BE9F0B003F89D5 /* IntExtension.swift */; };
		456BA66926BF5E8B003F89D5 /* AlbumCell.xib in Resources */ = {isa = PBXBuildFile; fileRef = 456BA66826BF5E8B003F89D5 /* AlbumCell.xib */; };
		456BA66B26BF5E9F003F89D5 /* AlbumCell.swift in Sources */ = {isa = PBXBuildFile; fileRef = 456BA66A26BF5E9F003F89D5 /* AlbumCell.swift */; };
		456BA66F26BFA49D003F89D5 /* TutorialView.xib in Resources */ = {isa = PBXBuildFile; fileRef = 456BA66E26BFA49C003F89D5 /* TutorialView.xib */; };
		456BA67626BFEBE1003F89D5 /* TutorialCell1.xib in Resources */ = {isa = PBXBuildFile; fileRef = 456BA67526BFEBE1003F89D5 /* TutorialCell1.xib */; };
		456BA67826BFEBF2003F89D5 /* TutorialCell2.xib in Resources */ = {isa = PBXBuildFile; fileRef = 456BA67726BFEBF2003F89D5 /* TutorialCell2.xib */; };
		456BA67A26BFEBFF003F89D5 /* TutorialCell3.xib in Resources */ = {isa = PBXBuildFile; fileRef = 456BA67926BFEBFF003F89D5 /* TutorialCell3.xib */; };
		456BA67C26BFEC1A003F89D5 /* TutorialCell1.swift in Sources */ = {isa = PBXBuildFile; fileRef = 456BA67B26BFEC1A003F89D5 /* TutorialCell1.swift */; };
		456BA67E26BFEC23003F89D5 /* TutorialCell2.swift in Sources */ = {isa = PBXBuildFile; fileRef = 456BA67D26BFEC23003F89D5 /* TutorialCell2.swift */; };
		456BA68026BFEC2C003F89D5 /* TutorialCell3.swift in Sources */ = {isa = PBXBuildFile; fileRef = 456BA67F26BFEC2C003F89D5 /* TutorialCell3.swift */; };
		456BA68226BFF13A003F89D5 /* FFLabel.swift in Sources */ = {isa = PBXBuildFile; fileRef = 456BA68126BFF139003F89D5 /* FFLabel.swift */; };
		456BA68426BFFF57003F89D5 /* TutorialVC.swift in Sources */ = {isa = PBXBuildFile; fileRef = 456BA68326BFFF56003F89D5 /* TutorialVC.swift */; };
		459561CF267E3DE100DA3A3A /* HidePocketInGround.rcproject in Sources */ = {isa = PBXBuildFile; fileRef = 459561CD267E3DE100DA3A3A /* HidePocketInGround.rcproject */; };
		45A7492026EDEDD5007D7361 /* DataTest.swift in Sources */ = {isa = PBXBuildFile; fileRef = 45A7491F26EDEDD4007D7361 /* DataTest.swift */; };
		45AA92BE25E7D76F00064E62 /* ScrollingEffect.swift in Sources */ = {isa = PBXBuildFile; fileRef = 45AA92BA25E7D76F00064E62 /* ScrollingEffect.swift */; };
		45AA92C625E7D79800064E62 /* godChatCollectionViewCell.swift in Sources */ = {isa = PBXBuildFile; fileRef = 45AA92C525E7D79800064E62 /* godChatCollectionViewCell.swift */; };
		45AA92D025E7D90A00064E62 /* DataModel.swift in Sources */ = {isa = PBXBuildFile; fileRef = 45AA92CF25E7D90A00064E62 /* DataModel.swift */; };
		45B1D01626034302006CB48C /* CheckPointHeaderView.xib in Resources */ = {isa = PBXBuildFile; fileRef = 45B1D01526034302006CB48C /* CheckPointHeaderView.xib */; };
		45B1D01B26034534006CB48C /* CheckPointHeaderFooterView.swift in Sources */ = {isa = PBXBuildFile; fileRef = 45B1D01A26034534006CB48C /* CheckPointHeaderFooterView.swift */; };
		45B1D02026034E8B006CB48C /* CheckPointHeaderView2.xib in Resources */ = {isa = PBXBuildFile; fileRef = 45B1D01F26034E8B006CB48C /* CheckPointHeaderView2.xib */; };
		45B1D03B2604A40D006CB48C /* UserBackupData.swift in Sources */ = {isa = PBXBuildFile; fileRef = 45B1D03A2604A40C006CB48C /* UserBackupData.swift */; };
		45E3AC4726D487C500841F44 /* MapPlaceButton.swift in Sources */ = {isa = PBXBuildFile; fileRef = 45E3AC4626D487C500841F44 /* MapPlaceButton.swift */; };
		45E3AC4926D487CF00841F44 /* MapPlaceButton.xib in Resources */ = {isa = PBXBuildFile; fileRef = 45E3AC4826D487CF00841F44 /* MapPlaceButton.xib */; };
		45F105C5266E0C3B00F77543 /* HomeViewController.swift in Sources */ = {isa = PBXBuildFile; fileRef = 45F105C4266E0C3B00F77543 /* HomeViewController.swift */; };
		45F105CA266E175800F77543 /* HomeNewSelecteStageViewController.swift in Sources */ = {isa = PBXBuildFile; fileRef = 45F105C9266E175700F77543 /* HomeNewSelecteStageViewController.swift */; };
		45F6D4682671EE3E001E92BE /* CircularProgressView.swift in Sources */ = {isa = PBXBuildFile; fileRef = 45F6D4672671EE3D001E92BE /* CircularProgressView.swift */; };
		45F6D46A2673DFFE001E92BE /* AlbumView.storyboard in Resources */ = {isa = PBXBuildFile; fileRef = 45A5830E259B139C002ECC38 /* AlbumView.storyboard */; };
		47CAE5A914604DA5348A0D19 /* Pods_FunhiPrototype2_FunhiPrototype2UITests.framework in Frameworks */ = {isa = PBXBuildFile; fileRef = 30D9F039C27757FFACF4090A /* Pods_FunhiPrototype2_FunhiPrototype2UITests.framework */; };
		7AAD73AC4B3D8FC537398C69 /* Pods_FunhiPrototype2.framework in Frameworks */ = {isa = PBXBuildFile; fileRef = F422F4F3B4B10380AAB6D439 /* Pods_FunhiPrototype2.framework */; };
		8519696D26CD0DED00AB5F03 /* Spoqa Han Sans Neo Light.otf in Resources */ = {isa = PBXBuildFile; fileRef = 8519696C26CD0DED00AB5F03 /* Spoqa Han Sans Neo Light.otf */; };
		854EC13526D479060050C722 /* ProfileImageTapEvent.swift in Sources */ = {isa = PBXBuildFile; fileRef = 854EC13426D479060050C722 /* ProfileImageTapEvent.swift */; };
		855B86CE26DC796D00C81935 /* NotePopupView.swift in Sources */ = {isa = PBXBuildFile; fileRef = 855B86CD26DC796C00C81935 /* NotePopupView.swift */; };
		859D99EA26C90B7D0022C91A /* Map.storyboard in Resources */ = {isa = PBXBuildFile; fileRef = 859D99E926C90B7D0022C91A /* Map.storyboard */; };
		859D99EC26C9169A0022C91A /* MapViewController.swift in Sources */ = {isa = PBXBuildFile; fileRef = 859D99EB26C9169A0022C91A /* MapViewController.swift */; };
		859D99EE26C916B90022C91A /* ImageViewerViewController.swift in Sources */ = {isa = PBXBuildFile; fileRef = 859D99ED26C916B90022C91A /* ImageViewerViewController.swift */; };
		85B597F626B8F5D100BDB67D /* bright.mp3 in Resources */ = {isa = PBXBuildFile; fileRef = 85B597EE26B8F5D100BDB67D /* bright.mp3 */; };
		85B597F726B8F5D100BDB67D /* cover2.mp3 in Resources */ = {isa = PBXBuildFile; fileRef = 85B597EF26B8F5D100BDB67D /* cover2.mp3 */; };
		85B597F826B8F5D100BDB67D /* nervous2.mp3 in Resources */ = {isa = PBXBuildFile; fileRef = 85B597F026B8F5D100BDB67D /* nervous2.mp3 */; };
		85B597F926B8F5D100BDB67D /* nervous1.mp3 in Resources */ = {isa = PBXBuildFile; fileRef = 85B597F126B8F5D100BDB67D /* nervous1.mp3 */; };
		85B597FA26B8F5D100BDB67D /* normal.mp3 in Resources */ = {isa = PBXBuildFile; fileRef = 85B597F226B8F5D100BDB67D /* normal.mp3 */; };
		85B597FB26B8F5D100BDB67D /* badending.mp3 in Resources */ = {isa = PBXBuildFile; fileRef = 85B597F326B8F5D100BDB67D /* badending.mp3 */; };
		85B597FC26B8F5D100BDB67D /* cover1.mp3 in Resources */ = {isa = PBXBuildFile; fileRef = 85B597F426B8F5D100BDB67D /* cover1.mp3 */; };
		85B597FD26B8F5D100BDB67D /* highlyElated.mp3 in Resources */ = {isa = PBXBuildFile; fileRef = 85B597F526B8F5D100BDB67D /* highlyElated.mp3 */; };
		85B5980026B8F5D900BDB67D /* 선택지 선택.mp3 in Resources */ = {isa = PBXBuildFile; fileRef = 85B597FE26B8F5D900BDB67D /* 선택지 선택.mp3 */; };
		85B5980126B8F5D900BDB67D /* buttonTap.mp3 in Resources */ = {isa = PBXBuildFile; fileRef = 85B597FF26B8F5D900BDB67D /* buttonTap.mp3 */; };
		BA06931825C128FF0046B647 /* endingViewController.swift in Sources */ = {isa = PBXBuildFile; fileRef = BA06931725C128FF0046B647 /* endingViewController.swift */; };
		BA3A569225A1CD1F00941D71 /* CreditViewController.swift in Sources */ = {isa = PBXBuildFile; fileRef = BA3A569125A1CD1F00941D71 /* CreditViewController.swift */; };
		BA3B48E5266E038D00E92D9B /* HomeView.storyboard in Resources */ = {isa = PBXBuildFile; fileRef = BA3B48E4266E038D00E92D9B /* HomeView.storyboard */; };
		BA3B48E7266E14F500E92D9B /* PauseBarAlert.swift in Sources */ = {isa = PBXBuildFile; fileRef = BA3B48E6266E14F500E92D9B /* PauseBarAlert.swift */; };
		BA3C46E325A9EA5E00A3334A /* EPHistoryViewController.swift in Sources */ = {isa = PBXBuildFile; fileRef = BA3C46E225A9EA5E00A3334A /* EPHistoryViewController.swift */; };
		BA3C46ED25AA114000A3334A /* choiceCollectionViewCell.swift in Sources */ = {isa = PBXBuildFile; fileRef = BA3C46EC25AA114000A3334A /* choiceCollectionViewCell.swift */; };
		BA3C470325AB733A00A3334A /* ChoiceLogic.swift in Sources */ = {isa = PBXBuildFile; fileRef = BA3C470225AB733A00A3334A /* ChoiceLogic.swift */; };
		BA4A7A3D2668904D000287CD /* EBS훈민정음SB.otf in Resources */ = {isa = PBXBuildFile; fileRef = BA4A7A3C2668904D000287CD /* EBS훈민정음SB.otf */; };
		BA5AB5F8267DD4890090E5B7 /* SeparatorTableViewCell.swift in Sources */ = {isa = PBXBuildFile; fileRef = BA5AB5F7267DD4890090E5B7 /* SeparatorTableViewCell.swift */; };
		BA663F9825917ECC0031ACFE /* AppDelegate.swift in Sources */ = {isa = PBXBuildFile; fileRef = BA663F9725917ECC0031ACFE /* AppDelegate.swift */; };
		BA663F9A25917ECC0031ACFE /* SceneDelegate.swift in Sources */ = {isa = PBXBuildFile; fileRef = BA663F9925917ECC0031ACFE /* SceneDelegate.swift */; };
		BA663FA125917ECF0031ACFE /* Assets.xcassets in Resources */ = {isa = PBXBuildFile; fileRef = BA663FA025917ECF0031ACFE /* Assets.xcassets */; };
		BA663FA425917ECF0031ACFE /* LaunchScreen.storyboard in Resources */ = {isa = PBXBuildFile; fileRef = BA663FA225917ECF0031ACFE /* LaunchScreen.storyboard */; };
		BA663FAF25917ECF0031ACFE /* FunhiPrototype2Tests.swift in Sources */ = {isa = PBXBuildFile; fileRef = BA663FAE25917ECF0031ACFE /* FunhiPrototype2Tests.swift */; };
		BA663FBA25917ECF0031ACFE /* FunhiPrototype2UITests.swift in Sources */ = {isa = PBXBuildFile; fileRef = BA663FB925917ECF0031ACFE /* FunhiPrototype2UITests.swift */; };
		BA663FD32591CAC70031ACFE /* MainGame.storyboard in Resources */ = {isa = PBXBuildFile; fileRef = BA663FD22591CAC70031ACFE /* MainGame.storyboard */; };
		BA80050C25A602CD001799D1 /* jsonParsing.swift in Sources */ = {isa = PBXBuildFile; fileRef = BA80050B25A602CD001799D1 /* jsonParsing.swift */; };
		BA80056225A6EC6C001799D1 /* CoverView.storyboard in Resources */ = {isa = PBXBuildFile; fileRef = BA80056125A6EC6C001799D1 /* CoverView.storyboard */; };
		BA80056725A6EDF5001799D1 /* TimelineView.storyboard in Resources */ = {isa = PBXBuildFile; fileRef = BA80056625A6EDF5001799D1 /* TimelineView.storyboard */; };
		BA80058125A849C4001799D1 /* TitleCoverViewController.swift in Sources */ = {isa = PBXBuildFile; fileRef = BA80057D25A849C4001799D1 /* TitleCoverViewController.swift */; };
		BA80058225A849C4001799D1 /* ChapterCoverViewController.swift in Sources */ = {isa = PBXBuildFile; fileRef = BA80057E25A849C4001799D1 /* ChapterCoverViewController.swift */; };
		BA80058325A849C4001799D1 /* SelectStageViewController.swift in Sources */ = {isa = PBXBuildFile; fileRef = BA80057F25A849C4001799D1 /* SelectStageViewController.swift */; };
		BA80058A25A849C7001799D1 /* TimeLineViewController.swift in Sources */ = {isa = PBXBuildFile; fileRef = BA80058825A849C7001799D1 /* TimeLineViewController.swift */; };
		BA80059025A849F6001799D1 /* ui.swift in Sources */ = {isa = PBXBuildFile; fileRef = BA80058F25A849F6001799D1 /* ui.swift */; };
		BA80059525A852F3001799D1 /* MonologueTableViewCell.swift in Sources */ = {isa = PBXBuildFile; fileRef = BA80059425A852F3001799D1 /* MonologueTableViewCell.swift */; };
		BA900E63261720A0009D6380 /* AnimationController.swift in Sources */ = {isa = PBXBuildFile; fileRef = BA900E62261720A0009D6380 /* AnimationController.swift */; };
		BAADA9FC25A3E7AA00ED23A9 /* NoteGameCharacterViewController.swift in Sources */ = {isa = PBXBuildFile; fileRef = BAADA9F925A3E7AA00ED23A9 /* NoteGameCharacterViewController.swift */; };
		BAADA9FD25A3E7AA00ED23A9 /* NoteUserViewController.swift in Sources */ = {isa = PBXBuildFile; fileRef = BAADA9FA25A3E7AA00ED23A9 /* NoteUserViewController.swift */; };
		BAADA9FE25A3E7AA00ED23A9 /* NoteHeeryeongViewController.swift in Sources */ = {isa = PBXBuildFile; fileRef = BAADA9FB25A3E7AA00ED23A9 /* NoteHeeryeongViewController.swift */; };
		BAB2A552259B0C750062ED21 /* MainGameViewController.swift in Sources */ = {isa = PBXBuildFile; fileRef = BAB2A551259B0C750062ED21 /* MainGameViewController.swift */; };
		BAB2A55A259B0DC20062ED21 /* SectionTableViewCell.swift in Sources */ = {isa = PBXBuildFile; fileRef = BAB2A559259B0DC20062ED21 /* SectionTableViewCell.swift */; };
		BAB2A562259B0DD00062ED21 /* OpTextTableViewCell.swift in Sources */ = {isa = PBXBuildFile; fileRef = BAB2A561259B0DD00062ED21 /* OpTextTableViewCell.swift */; };
		BAB2A567259B0DDB0062ED21 /* MyTextTableViewCell.swift in Sources */ = {isa = PBXBuildFile; fileRef = BAB2A566259B0DDB0062ED21 /* MyTextTableViewCell.swift */; };
		BAB2A56C259B0DE90062ED21 /* ImageTableViewCell.swift in Sources */ = {isa = PBXBuildFile; fileRef = BAB2A56B259B0DE90062ED21 /* ImageTableViewCell.swift */; };
		BAB2A5DF259E0CEA0062ED21 /* UserInstance.swift in Sources */ = {isa = PBXBuildFile; fileRef = BAB2A5DE259E0CEA0062ED21 /* UserInstance.swift */; };
		BAB2A5EC25A1B41E0062ED21 /* SettingViewController.swift in Sources */ = {isa = PBXBuildFile; fileRef = BAB2A5EB25A1B41E0062ED21 /* SettingViewController.swift */; };
		BAB58EC625BFF3030078AADC /* codableColor.swift in Sources */ = {isa = PBXBuildFile; fileRef = BAB58EC525BFF3030078AADC /* codableColor.swift */; };
		BAC29E7025AD66CF00D117D4 /* ARView.storyboard in Resources */ = {isa = PBXBuildFile; fileRef = BAC29E6F25AD66CF00D117D4 /* ARView.storyboard */; };
		BAC29E8B25AE8AD200D117D4 /* ARTableViewCell.swift in Sources */ = {isa = PBXBuildFile; fileRef = BAC29E8A25AE8AD200D117D4 /* ARTableViewCell.swift */; };
		BAC29EE725AF5AFD00D117D4 /* audio.swift in Sources */ = {isa = PBXBuildFile; fileRef = BAC29EE625AF5AFD00D117D4 /* audio.swift */; };
		BAD4E3432679E12A008FECAA /* characterFace.swift in Sources */ = {isa = PBXBuildFile; fileRef = BAD4E3422679E12A008FECAA /* characterFace.swift */; };
		BADCA6B625A300E5006A10BF /* NoteViewController.swift in Sources */ = {isa = PBXBuildFile; fileRef = BADCA6B525A300E5006A10BF /* NoteViewController.swift */; };
		BAEF067226819CE500B78512 /* HidePocketBetweenRocks.rcproject in Sources */ = {isa = PBXBuildFile; fileRef = 459561CC267E3DE100DA3A3A /* HidePocketBetweenRocks.rcproject */; };
		E42E736F1EFD1CA4EB8CD29F /* Pods_FunhiPrototype2Tests.framework in Frameworks */ = {isa = PBXBuildFile; fileRef = AF8AF45CEE57EC8795D23437 /* Pods_FunhiPrototype2Tests.framework */; };
/* End PBXBuildFile section */

/* Begin PBXContainerItemProxy section */
		BA663FAB25917ECF0031ACFE /* PBXContainerItemProxy */ = {
			isa = PBXContainerItemProxy;
			containerPortal = BA663F8C25917ECC0031ACFE /* Project object */;
			proxyType = 1;
			remoteGlobalIDString = BA663F9325917ECC0031ACFE;
			remoteInfo = FunhiPrototype2;
		};
		BA663FB625917ECF0031ACFE /* PBXContainerItemProxy */ = {
			isa = PBXContainerItemProxy;
			containerPortal = BA663F8C25917ECC0031ACFE /* Project object */;
			proxyType = 1;
			remoteGlobalIDString = BA663F9325917ECC0031ACFE;
			remoteInfo = FunhiPrototype2;
		};
/* End PBXContainerItemProxy section */

/* Begin PBXFileReference section */
		2834852AFA6812B2870386AF /* Pods-FunhiPrototype2-FunhiPrototype2UITests.debug.xcconfig */ = {isa = PBXFileReference; includeInIndex = 1; lastKnownFileType = text.xcconfig; name = "Pods-FunhiPrototype2-FunhiPrototype2UITests.debug.xcconfig"; path = "Target Support Files/Pods-FunhiPrototype2-FunhiPrototype2UITests/Pods-FunhiPrototype2-FunhiPrototype2UITests.debug.xcconfig"; sourceTree = "<group>"; };
		30D9F039C27757FFACF4090A /* Pods_FunhiPrototype2_FunhiPrototype2UITests.framework */ = {isa = PBXFileReference; explicitFileType = wrapper.framework; includeInIndex = 0; path = Pods_FunhiPrototype2_FunhiPrototype2UITests.framework; sourceTree = BUILT_PRODUCTS_DIR; };
		45181CBD26AF12E8007F8DF5 /* AlbumViewController.swift */ = {isa = PBXFileReference; fileEncoding = 4; lastKnownFileType = sourcecode.swift; path = AlbumViewController.swift; sourceTree = "<group>"; };
		4524E9B026C7A41900FB9315 /* ProgressView.xib */ = {isa = PBXFileReference; lastKnownFileType = file.xib; path = ProgressView.xib; sourceTree = "<group>"; };
		4524E9B226C7A42500FB9315 /* ProgressView.swift */ = {isa = PBXFileReference; lastKnownFileType = sourcecode.swift; path = ProgressView.swift; sourceTree = "<group>"; };
		4524E9B426C7B3FA00FB9315 /* UIColorExtension.swift */ = {isa = PBXFileReference; lastKnownFileType = sourcecode.swift; path = UIColorExtension.swift; sourceTree = "<group>"; };
		4524E9B626C9EAC100FB9315 /* FloatingButton.swift */ = {isa = PBXFileReference; lastKnownFileType = sourcecode.swift; path = FloatingButton.swift; sourceTree = "<group>"; };
		4524E9B826CA3F5D00FB9315 /* TutorialModel.swift */ = {isa = PBXFileReference; lastKnownFileType = sourcecode.swift; path = TutorialModel.swift; sourceTree = "<group>"; };
		4524E9BA26CA576800FB9315 /* UIViewControllerExtension.swift */ = {isa = PBXFileReference; lastKnownFileType = sourcecode.swift; path = UIViewControllerExtension.swift; sourceTree = "<group>"; };
		4524E9BC26CA95D400FB9315 /* ScrollViewExtension.swift */ = {isa = PBXFileReference; lastKnownFileType = sourcecode.swift; path = ScrollViewExtension.swift; sourceTree = "<group>"; };
		4524E9BE26CA972200FB9315 /* MaingameARViewController.swift */ = {isa = PBXFileReference; fileEncoding = 4; lastKnownFileType = sourcecode.swift; path = MaingameARViewController.swift; sourceTree = "<group>"; };
		453B3EB425F1F55300AC4E53 /* NoteView.storyboard */ = {isa = PBXFileReference; fileEncoding = 4; lastKnownFileType = file.storyboard; path = NoteView.storyboard; sourceTree = "<group>"; };
		4548734125F758C600D61F6B /* NanumSquareBold.ttf */ = {isa = PBXFileReference; lastKnownFileType = file; name = NanumSquareBold.ttf; path = fontFile/NanumSquareBold.ttf; sourceTree = SOURCE_ROOT; };
		4548734525F758C700D61F6B /* 경기천년바탕_Regular.ttf */ = {isa = PBXFileReference; lastKnownFileType = file; name = "경기천년바탕_Regular.ttf"; path = "fontFile/경기천년바탕_Regular.ttf"; sourceTree = SOURCE_ROOT; };
		4548734B25F758C700D61F6B /* 나눔손글씨 할아버지의나눔.ttf */ = {isa = PBXFileReference; lastKnownFileType = file; name = "나눔손글씨 할아버지의나눔.ttf"; path = "fontFile/나눔손글씨 할아버지의나눔.ttf"; sourceTree = SOURCE_ROOT; };
		4548734D25F758C700D61F6B /* 경기천년바탕_Bold.ttf */ = {isa = PBXFileReference; lastKnownFileType = file; name = "경기천년바탕_Bold.ttf"; path = "fontFile/경기천년바탕_Bold.ttf"; sourceTree = SOURCE_ROOT; };
		4548734E25F758C700D61F6B /* NanumSquareRegular.ttf */ = {isa = PBXFileReference; lastKnownFileType = file; name = NanumSquareRegular.ttf; path = fontFile/NanumSquareRegular.ttf; sourceTree = SOURCE_ROOT; };
		4548734F25F758C700D61F6B /* NanumSquareExtraBold.ttf */ = {isa = PBXFileReference; lastKnownFileType = file; name = NanumSquareExtraBold.ttf; path = fontFile/NanumSquareExtraBold.ttf; sourceTree = SOURCE_ROOT; };
		456BA65B26BD8177003F89D5 /* EpisodeCell.xib */ = {isa = PBXFileReference; lastKnownFileType = file.xib; path = EpisodeCell.xib; sourceTree = "<group>"; };
		456BA65D26BD8185003F89D5 /* EpisodeCell.swift */ = {isa = PBXFileReference; lastKnownFileType = sourcecode.swift; path = EpisodeCell.swift; sourceTree = "<group>"; };
		456BA65F26BE5DB4003F89D5 /* CheckPointCell.swift */ = {isa = PBXFileReference; lastKnownFileType = sourcecode.swift; path = CheckPointCell.swift; sourceTree = "<group>"; };
		456BA66126BE8A79003F89D5 /* EpisodeCurrentCell.xib */ = {isa = PBXFileReference; lastKnownFileType = file.xib; path = EpisodeCurrentCell.xib; sourceTree = "<group>"; };
		456BA66326BE8AA6003F89D5 /* EpisodeCurrentCell.swift */ = {isa = PBXFileReference; lastKnownFileType = sourcecode.swift; path = EpisodeCurrentCell.swift; sourceTree = "<group>"; };
		456BA66626BE9F0B003F89D5 /* IntExtension.swift */ = {isa = PBXFileReference; lastKnownFileType = sourcecode.swift; path = IntExtension.swift; sourceTree = "<group>"; };
		456BA66826BF5E8B003F89D5 /* AlbumCell.xib */ = {isa = PBXFileReference; lastKnownFileType = file.xib; path = AlbumCell.xib; sourceTree = "<group>"; };
		456BA66A26BF5E9F003F89D5 /* AlbumCell.swift */ = {isa = PBXFileReference; lastKnownFileType = sourcecode.swift; path = AlbumCell.swift; sourceTree = "<group>"; };
		456BA66E26BFA49C003F89D5 /* TutorialView.xib */ = {isa = PBXFileReference; lastKnownFileType = file.xib; path = TutorialView.xib; sourceTree = "<group>"; };
		456BA67526BFEBE1003F89D5 /* TutorialCell1.xib */ = {isa = PBXFileReference; lastKnownFileType = file.xib; path = TutorialCell1.xib; sourceTree = "<group>"; };
		456BA67726BFEBF2003F89D5 /* TutorialCell2.xib */ = {isa = PBXFileReference; lastKnownFileType = file.xib; path = TutorialCell2.xib; sourceTree = "<group>"; };
		456BA67926BFEBFF003F89D5 /* TutorialCell3.xib */ = {isa = PBXFileReference; lastKnownFileType = file.xib; path = TutorialCell3.xib; sourceTree = "<group>"; };
		456BA67B26BFEC1A003F89D5 /* TutorialCell1.swift */ = {isa = PBXFileReference; lastKnownFileType = sourcecode.swift; path = TutorialCell1.swift; sourceTree = "<group>"; };
		456BA67D26BFEC23003F89D5 /* TutorialCell2.swift */ = {isa = PBXFileReference; lastKnownFileType = sourcecode.swift; path = TutorialCell2.swift; sourceTree = "<group>"; };
		456BA67F26BFEC2C003F89D5 /* TutorialCell3.swift */ = {isa = PBXFileReference; lastKnownFileType = sourcecode.swift; path = TutorialCell3.swift; sourceTree = "<group>"; };
		456BA68126BFF139003F89D5 /* FFLabel.swift */ = {isa = PBXFileReference; lastKnownFileType = sourcecode.swift; path = FFLabel.swift; sourceTree = "<group>"; };
		456BA68326BFFF56003F89D5 /* TutorialVC.swift */ = {isa = PBXFileReference; lastKnownFileType = sourcecode.swift; path = TutorialVC.swift; sourceTree = "<group>"; };
		459561CC267E3DE100DA3A3A /* HidePocketBetweenRocks.rcproject */ = {isa = PBXFileReference; lastKnownFileType = file.rcproject; path = HidePocketBetweenRocks.rcproject; sourceTree = "<group>"; };
		459561CD267E3DE100DA3A3A /* HidePocketInGround.rcproject */ = {isa = PBXFileReference; lastKnownFileType = file.rcproject; path = HidePocketInGround.rcproject; sourceTree = "<group>"; };
		45A5830E259B139C002ECC38 /* AlbumView.storyboard */ = {isa = PBXFileReference; fileEncoding = 4; lastKnownFileType = file.storyboard; path = AlbumView.storyboard; sourceTree = "<group>"; };
		45A7491F26EDEDD4007D7361 /* DataTest.swift */ = {isa = PBXFileReference; lastKnownFileType = sourcecode.swift; path = DataTest.swift; sourceTree = "<group>"; };
		45AA92BA25E7D76F00064E62 /* ScrollingEffect.swift */ = {isa = PBXFileReference; fileEncoding = 4; lastKnownFileType = sourcecode.swift; path = ScrollingEffect.swift; sourceTree = "<group>"; };
		45AA92C525E7D79800064E62 /* godChatCollectionViewCell.swift */ = {isa = PBXFileReference; fileEncoding = 4; lastKnownFileType = sourcecode.swift; path = godChatCollectionViewCell.swift; sourceTree = "<group>"; };
		45AA92CF25E7D90A00064E62 /* DataModel.swift */ = {isa = PBXFileReference; fileEncoding = 4; lastKnownFileType = sourcecode.swift; path = DataModel.swift; sourceTree = "<group>"; };
		45B1D01526034302006CB48C /* CheckPointHeaderView.xib */ = {isa = PBXFileReference; lastKnownFileType = file.xib; path = CheckPointHeaderView.xib; sourceTree = "<group>"; };
		45B1D01A26034534006CB48C /* CheckPointHeaderFooterView.swift */ = {isa = PBXFileReference; lastKnownFileType = sourcecode.swift; path = CheckPointHeaderFooterView.swift; sourceTree = "<group>"; };
		45B1D01F26034E8B006CB48C /* CheckPointHeaderView2.xib */ = {isa = PBXFileReference; lastKnownFileType = file.xib; path = CheckPointHeaderView2.xib; sourceTree = "<group>"; };
		45B1D03A2604A40C006CB48C /* UserBackupData.swift */ = {isa = PBXFileReference; lastKnownFileType = sourcecode.swift; path = UserBackupData.swift; sourceTree = "<group>"; };
		45E3AC4626D487C500841F44 /* MapPlaceButton.swift */ = {isa = PBXFileReference; lastKnownFileType = sourcecode.swift; path = MapPlaceButton.swift; sourceTree = "<group>"; };
		45E3AC4826D487CF00841F44 /* MapPlaceButton.xib */ = {isa = PBXFileReference; lastKnownFileType = file.xib; path = MapPlaceButton.xib; sourceTree = "<group>"; };
		45F105C4266E0C3B00F77543 /* HomeViewController.swift */ = {isa = PBXFileReference; lastKnownFileType = sourcecode.swift; path = HomeViewController.swift; sourceTree = "<group>"; };
		45F105C9266E175700F77543 /* HomeNewSelecteStageViewController.swift */ = {isa = PBXFileReference; lastKnownFileType = sourcecode.swift; path = HomeNewSelecteStageViewController.swift; sourceTree = "<group>"; };
		45F6D4672671EE3D001E92BE /* CircularProgressView.swift */ = {isa = PBXFileReference; lastKnownFileType = sourcecode.swift; path = CircularProgressView.swift; sourceTree = "<group>"; };
		54F91754444D66678829CC10 /* Pods-FunhiPrototype2-FunhiPrototype2UITests.release.xcconfig */ = {isa = PBXFileReference; includeInIndex = 1; lastKnownFileType = text.xcconfig; name = "Pods-FunhiPrototype2-FunhiPrototype2UITests.release.xcconfig"; path = "Target Support Files/Pods-FunhiPrototype2-FunhiPrototype2UITests/Pods-FunhiPrototype2-FunhiPrototype2UITests.release.xcconfig"; sourceTree = "<group>"; };
		8519696C26CD0DED00AB5F03 /* Spoqa Han Sans Neo Light.otf */ = {isa = PBXFileReference; lastKnownFileType = file; name = "Spoqa Han Sans Neo Light.otf"; path = "fontFile/Spoqa Han Sans Neo Light.otf"; sourceTree = SOURCE_ROOT; };
		854EC13426D479060050C722 /* ProfileImageTapEvent.swift */ = {isa = PBXFileReference; lastKnownFileType = sourcecode.swift; path = ProfileImageTapEvent.swift; sourceTree = "<group>"; };
		855B86CD26DC796C00C81935 /* NotePopupView.swift */ = {isa = PBXFileReference; fileEncoding = 4; lastKnownFileType = sourcecode.swift; path = NotePopupView.swift; sourceTree = "<group>"; };
		859D99E926C90B7D0022C91A /* Map.storyboard */ = {isa = PBXFileReference; lastKnownFileType = file.storyboard; path = Map.storyboard; sourceTree = "<group>"; };
		859D99EB26C9169A0022C91A /* MapViewController.swift */ = {isa = PBXFileReference; lastKnownFileType = sourcecode.swift; path = MapViewController.swift; sourceTree = "<group>"; };
		859D99ED26C916B90022C91A /* ImageViewerViewController.swift */ = {isa = PBXFileReference; lastKnownFileType = sourcecode.swift; path = ImageViewerViewController.swift; sourceTree = "<group>"; };
		85B597EE26B8F5D100BDB67D /* bright.mp3 */ = {isa = PBXFileReference; lastKnownFileType = audio.mp3; name = bright.mp3; path = "../../../../기획 자료/[마지막 1초-앱스토어 1차] 이미지:아이콘:폰트/개발자용 이미지 폴더(개발용으로 후가공된 것 업로드용)/bgm/bright.mp3"; sourceTree = "<group>"; };
		85B597EF26B8F5D100BDB67D /* cover2.mp3 */ = {isa = PBXFileReference; lastKnownFileType = audio.mp3; name = cover2.mp3; path = "../../../../기획 자료/[마지막 1초-앱스토어 1차] 이미지:아이콘:폰트/개발자용 이미지 폴더(개발용으로 후가공된 것 업로드용)/bgm/cover2.mp3"; sourceTree = "<group>"; };
		85B597F026B8F5D100BDB67D /* nervous2.mp3 */ = {isa = PBXFileReference; lastKnownFileType = audio.mp3; name = nervous2.mp3; path = "../../../../기획 자료/[마지막 1초-앱스토어 1차] 이미지:아이콘:폰트/개발자용 이미지 폴더(개발용으로 후가공된 것 업로드용)/bgm/nervous2.mp3"; sourceTree = "<group>"; };
		85B597F126B8F5D100BDB67D /* nervous1.mp3 */ = {isa = PBXFileReference; lastKnownFileType = audio.mp3; name = nervous1.mp3; path = "../../../../기획 자료/[마지막 1초-앱스토어 1차] 이미지:아이콘:폰트/개발자용 이미지 폴더(개발용으로 후가공된 것 업로드용)/bgm/nervous1.mp3"; sourceTree = "<group>"; };
		85B597F226B8F5D100BDB67D /* normal.mp3 */ = {isa = PBXFileReference; lastKnownFileType = audio.mp3; name = normal.mp3; path = "../../../../기획 자료/[마지막 1초-앱스토어 1차] 이미지:아이콘:폰트/개발자용 이미지 폴더(개발용으로 후가공된 것 업로드용)/bgm/normal.mp3"; sourceTree = "<group>"; };
		85B597F326B8F5D100BDB67D /* badending.mp3 */ = {isa = PBXFileReference; lastKnownFileType = audio.mp3; name = badending.mp3; path = "../../../../기획 자료/[마지막 1초-앱스토어 1차] 이미지:아이콘:폰트/개발자용 이미지 폴더(개발용으로 후가공된 것 업로드용)/bgm/badending.mp3"; sourceTree = "<group>"; };
		85B597F426B8F5D100BDB67D /* cover1.mp3 */ = {isa = PBXFileReference; lastKnownFileType = audio.mp3; name = cover1.mp3; path = "../../../../기획 자료/[마지막 1초-앱스토어 1차] 이미지:아이콘:폰트/개발자용 이미지 폴더(개발용으로 후가공된 것 업로드용)/bgm/cover1.mp3"; sourceTree = "<group>"; };
		85B597F526B8F5D100BDB67D /* highlyElated.mp3 */ = {isa = PBXFileReference; lastKnownFileType = audio.mp3; name = highlyElated.mp3; path = "../../../../기획 자료/[마지막 1초-앱스토어 1차] 이미지:아이콘:폰트/개발자용 이미지 폴더(개발용으로 후가공된 것 업로드용)/bgm/highlyElated.mp3"; sourceTree = "<group>"; };
		85B597FE26B8F5D900BDB67D /* 선택지 선택.mp3 */ = {isa = PBXFileReference; lastKnownFileType = audio.mp3; path = "선택지 선택.mp3"; sourceTree = "<group>"; };
		85B597FF26B8F5D900BDB67D /* buttonTap.mp3 */ = {isa = PBXFileReference; lastKnownFileType = audio.mp3; path = buttonTap.mp3; sourceTree = "<group>"; };
		AF8AF45CEE57EC8795D23437 /* Pods_FunhiPrototype2Tests.framework */ = {isa = PBXFileReference; explicitFileType = wrapper.framework; includeInIndex = 0; path = Pods_FunhiPrototype2Tests.framework; sourceTree = BUILT_PRODUCTS_DIR; };
		B9E3A3604663B854F39CBE53 /* Pods-FunhiPrototype2.debug.xcconfig */ = {isa = PBXFileReference; includeInIndex = 1; lastKnownFileType = text.xcconfig; name = "Pods-FunhiPrototype2.debug.xcconfig"; path = "Target Support Files/Pods-FunhiPrototype2/Pods-FunhiPrototype2.debug.xcconfig"; sourceTree = "<group>"; };
		BA06931725C128FF0046B647 /* endingViewController.swift */ = {isa = PBXFileReference; lastKnownFileType = sourcecode.swift; path = endingViewController.swift; sourceTree = "<group>"; };
		BA3A569125A1CD1F00941D71 /* CreditViewController.swift */ = {isa = PBXFileReference; lastKnownFileType = sourcecode.swift; path = CreditViewController.swift; sourceTree = "<group>"; };
		BA3B48E4266E038D00E92D9B /* HomeView.storyboard */ = {isa = PBXFileReference; fileEncoding = 4; lastKnownFileType = file.storyboard; path = HomeView.storyboard; sourceTree = "<group>"; };
		BA3B48E6266E14F500E92D9B /* PauseBarAlert.swift */ = {isa = PBXFileReference; lastKnownFileType = sourcecode.swift; path = PauseBarAlert.swift; sourceTree = "<group>"; };
		BA3C46E225A9EA5E00A3334A /* EPHistoryViewController.swift */ = {isa = PBXFileReference; fileEncoding = 4; lastKnownFileType = sourcecode.swift; path = EPHistoryViewController.swift; sourceTree = "<group>"; };
		BA3C46EC25AA114000A3334A /* choiceCollectionViewCell.swift */ = {isa = PBXFileReference; lastKnownFileType = sourcecode.swift; path = choiceCollectionViewCell.swift; sourceTree = "<group>"; };
		BA3C470225AB733A00A3334A /* ChoiceLogic.swift */ = {isa = PBXFileReference; lastKnownFileType = sourcecode.swift; path = ChoiceLogic.swift; sourceTree = "<group>"; };
		BA410C54262D4DF600E9C7DC /* NEXON Lv2 Gothic Light 2.ttf */ = {isa = PBXFileReference; lastKnownFileType = file; name = "NEXON Lv2 Gothic Light 2.ttf"; path = "fontFile/NEXON Lv2 Gothic Light 2.ttf"; sourceTree = SOURCE_ROOT; };
		BA410C55262D4DF600E9C7DC /* NEXON Lv2 Gothic Medium.ttf */ = {isa = PBXFileReference; lastKnownFileType = file; name = "NEXON Lv2 Gothic Medium.ttf"; path = "fontFile/NEXON Lv2 Gothic Medium.ttf"; sourceTree = SOURCE_ROOT; };
		BA410C56262D4DF600E9C7DC /* NEXON Lv2 Gothic Light.ttf */ = {isa = PBXFileReference; lastKnownFileType = file; name = "NEXON Lv2 Gothic Light.ttf"; path = "fontFile/NEXON Lv2 Gothic Light.ttf"; sourceTree = SOURCE_ROOT; };
		BA410C57262D4DF600E9C7DC /* NEXON Lv2 Gothic Bold 2.ttf */ = {isa = PBXFileReference; lastKnownFileType = file; name = "NEXON Lv2 Gothic Bold 2.ttf"; path = "fontFile/NEXON Lv2 Gothic Bold 2.ttf"; sourceTree = SOURCE_ROOT; };
		BA410C58262D4DF600E9C7DC /* NEXON Lv2 Gothic.ttf */ = {isa = PBXFileReference; lastKnownFileType = file; name = "NEXON Lv2 Gothic.ttf"; path = "fontFile/NEXON Lv2 Gothic.ttf"; sourceTree = SOURCE_ROOT; };
		BA410C59262D4DF600E9C7DC /* NEXON Lv2 Gothic Bold.ttf */ = {isa = PBXFileReference; lastKnownFileType = file; name = "NEXON Lv2 Gothic Bold.ttf"; path = "fontFile/NEXON Lv2 Gothic Bold.ttf"; sourceTree = SOURCE_ROOT; };
		BA4A7A3C2668904D000287CD /* EBS훈민정음SB.otf */ = {isa = PBXFileReference; lastKnownFileType = file; name = "EBS훈민정음SB.otf"; path = "fontFile/EBS훈민정음SB.otf"; sourceTree = SOURCE_ROOT; };
		BA5AB5F7267DD4890090E5B7 /* SeparatorTableViewCell.swift */ = {isa = PBXFileReference; lastKnownFileType = sourcecode.swift; path = SeparatorTableViewCell.swift; sourceTree = "<group>"; };
		BA663F9425917ECC0031ACFE /* FunhiPrototype2.app */ = {isa = PBXFileReference; explicitFileType = wrapper.application; includeInIndex = 0; path = FunhiPrototype2.app; sourceTree = BUILT_PRODUCTS_DIR; };
		BA663F9725917ECC0031ACFE /* AppDelegate.swift */ = {isa = PBXFileReference; lastKnownFileType = sourcecode.swift; path = AppDelegate.swift; sourceTree = "<group>"; };
		BA663F9925917ECC0031ACFE /* SceneDelegate.swift */ = {isa = PBXFileReference; lastKnownFileType = sourcecode.swift; path = SceneDelegate.swift; sourceTree = "<group>"; };
		BA663FA025917ECF0031ACFE /* Assets.xcassets */ = {isa = PBXFileReference; lastKnownFileType = folder.assetcatalog; path = Assets.xcassets; sourceTree = "<group>"; };
		BA663FA325917ECF0031ACFE /* Base */ = {isa = PBXFileReference; lastKnownFileType = file.storyboard; name = Base; path = Base.lproj/LaunchScreen.storyboard; sourceTree = "<group>"; };
		BA663FA525917ECF0031ACFE /* Info.plist */ = {isa = PBXFileReference; lastKnownFileType = text.plist.xml; path = Info.plist; sourceTree = "<group>"; };
		BA663FAA25917ECF0031ACFE /* FunhiPrototype2Tests.xctest */ = {isa = PBXFileReference; explicitFileType = wrapper.cfbundle; includeInIndex = 0; path = FunhiPrototype2Tests.xctest; sourceTree = BUILT_PRODUCTS_DIR; };
		BA663FAE25917ECF0031ACFE /* FunhiPrototype2Tests.swift */ = {isa = PBXFileReference; lastKnownFileType = sourcecode.swift; path = FunhiPrototype2Tests.swift; sourceTree = "<group>"; };
		BA663FB025917ECF0031ACFE /* Info.plist */ = {isa = PBXFileReference; lastKnownFileType = text.plist.xml; path = Info.plist; sourceTree = "<group>"; };
		BA663FB525917ECF0031ACFE /* FunhiPrototype2UITests.xctest */ = {isa = PBXFileReference; explicitFileType = wrapper.cfbundle; includeInIndex = 0; path = FunhiPrototype2UITests.xctest; sourceTree = BUILT_PRODUCTS_DIR; };
		BA663FB925917ECF0031ACFE /* FunhiPrototype2UITests.swift */ = {isa = PBXFileReference; lastKnownFileType = sourcecode.swift; path = FunhiPrototype2UITests.swift; sourceTree = "<group>"; };
		BA663FBB25917ECF0031ACFE /* Info.plist */ = {isa = PBXFileReference; lastKnownFileType = text.plist.xml; path = Info.plist; sourceTree = "<group>"; };
		BA663FD22591CAC70031ACFE /* MainGame.storyboard */ = {isa = PBXFileReference; lastKnownFileType = file.storyboard; path = MainGame.storyboard; sourceTree = "<group>"; };
		BA80050B25A602CD001799D1 /* jsonParsing.swift */ = {isa = PBXFileReference; lastKnownFileType = sourcecode.swift; path = jsonParsing.swift; sourceTree = "<group>"; };
		BA80056125A6EC6C001799D1 /* CoverView.storyboard */ = {isa = PBXFileReference; fileEncoding = 4; lastKnownFileType = file.storyboard; path = CoverView.storyboard; sourceTree = "<group>"; };
		BA80056625A6EDF5001799D1 /* TimelineView.storyboard */ = {isa = PBXFileReference; fileEncoding = 4; lastKnownFileType = file.storyboard; path = TimelineView.storyboard; sourceTree = "<group>"; };
		BA80057D25A849C4001799D1 /* TitleCoverViewController.swift */ = {isa = PBXFileReference; fileEncoding = 4; lastKnownFileType = sourcecode.swift; path = TitleCoverViewController.swift; sourceTree = "<group>"; };
		BA80057E25A849C4001799D1 /* ChapterCoverViewController.swift */ = {isa = PBXFileReference; fileEncoding = 4; lastKnownFileType = sourcecode.swift; path = ChapterCoverViewController.swift; sourceTree = "<group>"; };
		BA80057F25A849C4001799D1 /* SelectStageViewController.swift */ = {isa = PBXFileReference; fileEncoding = 4; lastKnownFileType = sourcecode.swift; path = SelectStageViewController.swift; sourceTree = "<group>"; };
		BA80058825A849C7001799D1 /* TimeLineViewController.swift */ = {isa = PBXFileReference; fileEncoding = 4; lastKnownFileType = sourcecode.swift; path = TimeLineViewController.swift; sourceTree = "<group>"; };
		BA80058F25A849F6001799D1 /* ui.swift */ = {isa = PBXFileReference; fileEncoding = 4; lastKnownFileType = sourcecode.swift; path = ui.swift; sourceTree = "<group>"; };
		BA80059425A852F3001799D1 /* MonologueTableViewCell.swift */ = {isa = PBXFileReference; lastKnownFileType = sourcecode.swift; path = MonologueTableViewCell.swift; sourceTree = "<group>"; };
		BA900E62261720A0009D6380 /* AnimationController.swift */ = {isa = PBXFileReference; lastKnownFileType = sourcecode.swift; path = AnimationController.swift; sourceTree = "<group>"; };
		BAADA9F925A3E7AA00ED23A9 /* NoteGameCharacterViewController.swift */ = {isa = PBXFileReference; fileEncoding = 4; lastKnownFileType = sourcecode.swift; path = NoteGameCharacterViewController.swift; sourceTree = "<group>"; };
		BAADA9FA25A3E7AA00ED23A9 /* NoteUserViewController.swift */ = {isa = PBXFileReference; fileEncoding = 4; lastKnownFileType = sourcecode.swift; path = NoteUserViewController.swift; sourceTree = "<group>"; };
		BAADA9FB25A3E7AA00ED23A9 /* NoteHeeryeongViewController.swift */ = {isa = PBXFileReference; fileEncoding = 4; lastKnownFileType = sourcecode.swift; path = NoteHeeryeongViewController.swift; sourceTree = "<group>"; };
		BAB2A551259B0C750062ED21 /* MainGameViewController.swift */ = {isa = PBXFileReference; lastKnownFileType = sourcecode.swift; path = MainGameViewController.swift; sourceTree = "<group>"; };
		BAB2A559259B0DC20062ED21 /* SectionTableViewCell.swift */ = {isa = PBXFileReference; lastKnownFileType = sourcecode.swift; path = SectionTableViewCell.swift; sourceTree = "<group>"; };
		BAB2A561259B0DD00062ED21 /* OpTextTableViewCell.swift */ = {isa = PBXFileReference; lastKnownFileType = sourcecode.swift; path = OpTextTableViewCell.swift; sourceTree = "<group>"; };
		BAB2A566259B0DDB0062ED21 /* MyTextTableViewCell.swift */ = {isa = PBXFileReference; lastKnownFileType = sourcecode.swift; path = MyTextTableViewCell.swift; sourceTree = "<group>"; };
		BAB2A56B259B0DE90062ED21 /* ImageTableViewCell.swift */ = {isa = PBXFileReference; lastKnownFileType = sourcecode.swift; path = ImageTableViewCell.swift; sourceTree = "<group>"; };
		BAB2A5DE259E0CEA0062ED21 /* UserInstance.swift */ = {isa = PBXFileReference; fileEncoding = 4; lastKnownFileType = sourcecode.swift; path = UserInstance.swift; sourceTree = "<group>"; };
		BAB2A5EB25A1B41E0062ED21 /* SettingViewController.swift */ = {isa = PBXFileReference; lastKnownFileType = sourcecode.swift; path = SettingViewController.swift; sourceTree = "<group>"; };
		BAB58EC525BFF3030078AADC /* codableColor.swift */ = {isa = PBXFileReference; lastKnownFileType = sourcecode.swift; path = codableColor.swift; sourceTree = "<group>"; };
		BAC29E6F25AD66CF00D117D4 /* ARView.storyboard */ = {isa = PBXFileReference; fileEncoding = 4; lastKnownFileType = file.storyboard; path = ARView.storyboard; sourceTree = "<group>"; };
		BAC29E8A25AE8AD200D117D4 /* ARTableViewCell.swift */ = {isa = PBXFileReference; fileEncoding = 4; lastKnownFileType = sourcecode.swift; name = ARTableViewCell.swift; path = FunhiPrototype2/StoryBoard/ARTableViewCell.swift; sourceTree = SOURCE_ROOT; };
		BAC29EE625AF5AFD00D117D4 /* audio.swift */ = {isa = PBXFileReference; fileEncoding = 4; lastKnownFileType = sourcecode.swift; path = audio.swift; sourceTree = "<group>"; };
		BAD4E3422679E12A008FECAA /* characterFace.swift */ = {isa = PBXFileReference; lastKnownFileType = sourcecode.swift; path = characterFace.swift; sourceTree = "<group>"; };
		BADCA6B525A300E5006A10BF /* NoteViewController.swift */ = {isa = PBXFileReference; fileEncoding = 4; lastKnownFileType = sourcecode.swift; path = NoteViewController.swift; sourceTree = "<group>"; };
		C30351761D6243F77A701268 /* Pods-FunhiPrototype2Tests.release.xcconfig */ = {isa = PBXFileReference; includeInIndex = 1; lastKnownFileType = text.xcconfig; name = "Pods-FunhiPrototype2Tests.release.xcconfig"; path = "Target Support Files/Pods-FunhiPrototype2Tests/Pods-FunhiPrototype2Tests.release.xcconfig"; sourceTree = "<group>"; };
		F422F4F3B4B10380AAB6D439 /* Pods_FunhiPrototype2.framework */ = {isa = PBXFileReference; explicitFileType = wrapper.framework; includeInIndex = 0; path = Pods_FunhiPrototype2.framework; sourceTree = BUILT_PRODUCTS_DIR; };
		F8BC5DD483A7F20F43F67948 /* Pods-FunhiPrototype2Tests.debug.xcconfig */ = {isa = PBXFileReference; includeInIndex = 1; lastKnownFileType = text.xcconfig; name = "Pods-FunhiPrototype2Tests.debug.xcconfig"; path = "Target Support Files/Pods-FunhiPrototype2Tests/Pods-FunhiPrototype2Tests.debug.xcconfig"; sourceTree = "<group>"; };
		FB3A66001325B865DBA923EB /* Pods-FunhiPrototype2.release.xcconfig */ = {isa = PBXFileReference; includeInIndex = 1; lastKnownFileType = text.xcconfig; name = "Pods-FunhiPrototype2.release.xcconfig"; path = "Target Support Files/Pods-FunhiPrototype2/Pods-FunhiPrototype2.release.xcconfig"; sourceTree = "<group>"; };
/* End PBXFileReference section */

/* Begin PBXFrameworksBuildPhase section */
		BA663F9125917ECC0031ACFE /* Frameworks */ = {
			isa = PBXFrameworksBuildPhase;
			buildActionMask = 2147483647;
			files = (
				7AAD73AC4B3D8FC537398C69 /* Pods_FunhiPrototype2.framework in Frameworks */,
			);
			runOnlyForDeploymentPostprocessing = 0;
		};
		BA663FA725917ECF0031ACFE /* Frameworks */ = {
			isa = PBXFrameworksBuildPhase;
			buildActionMask = 2147483647;
			files = (
				E42E736F1EFD1CA4EB8CD29F /* Pods_FunhiPrototype2Tests.framework in Frameworks */,
			);
			runOnlyForDeploymentPostprocessing = 0;
		};
		BA663FB225917ECF0031ACFE /* Frameworks */ = {
			isa = PBXFrameworksBuildPhase;
			buildActionMask = 2147483647;
			files = (
				47CAE5A914604DA5348A0D19 /* Pods_FunhiPrototype2_FunhiPrototype2UITests.framework in Frameworks */,
			);
			runOnlyForDeploymentPostprocessing = 0;
		};
/* End PBXFrameworksBuildPhase section */

/* Begin PBXGroup section */
		01081D838580E998BF58A362 /* Pods */ = {
			isa = PBXGroup;
			children = (
				B9E3A3604663B854F39CBE53 /* Pods-FunhiPrototype2.debug.xcconfig */,
				FB3A66001325B865DBA923EB /* Pods-FunhiPrototype2.release.xcconfig */,
				2834852AFA6812B2870386AF /* Pods-FunhiPrototype2-FunhiPrototype2UITests.debug.xcconfig */,
				54F91754444D66678829CC10 /* Pods-FunhiPrototype2-FunhiPrototype2UITests.release.xcconfig */,
				F8BC5DD483A7F20F43F67948 /* Pods-FunhiPrototype2Tests.debug.xcconfig */,
				C30351761D6243F77A701268 /* Pods-FunhiPrototype2Tests.release.xcconfig */,
			);
			path = Pods;
			sourceTree = "<group>";
		};
		2C9A1F5CC9A9D7BF5CA86B21 /* Frameworks */ = {
			isa = PBXGroup;
			children = (
				F422F4F3B4B10380AAB6D439 /* Pods_FunhiPrototype2.framework */,
				30D9F039C27757FFACF4090A /* Pods_FunhiPrototype2_FunhiPrototype2UITests.framework */,
				AF8AF45CEE57EC8795D23437 /* Pods_FunhiPrototype2Tests.framework */,
			);
			name = Frameworks;
			sourceTree = "<group>";
		};
		450523AF259C1E920060F0B5 /* Fonts */ = {
			isa = PBXGroup;
			children = (
				4548734D25F758C700D61F6B /* 경기천년바탕_Bold.ttf */,
				8519696C26CD0DED00AB5F03 /* Spoqa Han Sans Neo Light.otf */,
				4548734525F758C700D61F6B /* 경기천년바탕_Regular.ttf */,
				4548734B25F758C700D61F6B /* 나눔손글씨 할아버지의나눔.ttf */,
				4548734E25F758C700D61F6B /* NanumSquareRegular.ttf */,
				4548734125F758C600D61F6B /* NanumSquareBold.ttf */,
				4548734F25F758C700D61F6B /* NanumSquareExtraBold.ttf */,
				BA4A7A3C2668904D000287CD /* EBS훈민정음SB.otf */,
				BA410C57262D4DF600E9C7DC /* NEXON Lv2 Gothic Bold 2.ttf */,
				BA410C59262D4DF600E9C7DC /* NEXON Lv2 Gothic Bold.ttf */,
				BA410C54262D4DF600E9C7DC /* NEXON Lv2 Gothic Light 2.ttf */,
				BA410C56262D4DF600E9C7DC /* NEXON Lv2 Gothic Light.ttf */,
				BA410C55262D4DF600E9C7DC /* NEXON Lv2 Gothic Medium.ttf */,
				BA410C58262D4DF600E9C7DC /* NEXON Lv2 Gothic.ttf */,
			);
			name = Fonts;
			path = ../Fonts;
			sourceTree = "<group>";
		};
		45181CAD26AF0323007F8DF5 /* ViewController */ = {
			isa = PBXGroup;
			children = (
				BA3A569125A1CD1F00941D71 /* CreditViewController.swift */,
				BAB2A5EB25A1B41E0062ED21 /* SettingViewController.swift */,
				BA06931725C128FF0046B647 /* endingViewController.swift */,
				BAB2A551259B0C750062ED21 /* MainGameViewController.swift */,
			);
			path = ViewController;
			sourceTree = "<group>";
		};
		45181CAE26AF033D007F8DF5 /* ViewController */ = {
			isa = PBXGroup;
			children = (
				45F105C4266E0C3B00F77543 /* HomeViewController.swift */,
				45F105C9266E175700F77543 /* HomeNewSelecteStageViewController.swift */,
			);
			path = ViewController;
			sourceTree = "<group>";
		};
		45181CAF26AF0361007F8DF5 /* ViewController */ = {
			isa = PBXGroup;
			children = (
				BA80057D25A849C4001799D1 /* TitleCoverViewController.swift */,
				BA80057E25A849C4001799D1 /* ChapterCoverViewController.swift */,
				BA80057F25A849C4001799D1 /* SelectStageViewController.swift */,
			);
			path = ViewController;
			sourceTree = "<group>";
		};
		45181CB026AF0367007F8DF5 /* ViewController */ = {
			isa = PBXGroup;
			children = (
				BADCA6B525A300E5006A10BF /* NoteViewController.swift */,
				BAADA9F925A3E7AA00ED23A9 /* NoteGameCharacterViewController.swift */,
				BAADA9FB25A3E7AA00ED23A9 /* NoteHeeryeongViewController.swift */,
				BAADA9FA25A3E7AA00ED23A9 /* NoteUserViewController.swift */,
			);
			path = ViewController;
			sourceTree = "<group>";
		};
		45181CB126AF0370007F8DF5 /* ViewController */ = {
			isa = PBXGroup;
			children = (
				45A5830E259B139C002ECC38 /* AlbumView.storyboard */,
				45181CBD26AF12E8007F8DF5 /* AlbumViewController.swift */,
			);
			path = ViewController;
			sourceTree = "<group>";
		};
		45181CB226AF0378007F8DF5 /* ViewController */ = {
			isa = PBXGroup;
			children = (
				BA80056625A6EDF5001799D1 /* TimelineView.storyboard */,
				BA80058825A849C7001799D1 /* TimeLineViewController.swift */,
				BA3C46E225A9EA5E00A3334A /* EPHistoryViewController.swift */,
			);
			path = ViewController;
			sourceTree = "<group>";
		};
		45181CB326AF037F007F8DF5 /* ViewController */ = {
			isa = PBXGroup;
			children = (
				4524E9BE26CA972200FB9315 /* MaingameARViewController.swift */,
			);
			path = ViewController;
			sourceTree = "<group>";
		};
		45181CB426AF04C7007F8DF5 /* etc */ = {
			isa = PBXGroup;
			children = (
			);
			path = etc;
			sourceTree = "<group>";
		};
		45181CB526AF053E007F8DF5 /* Source */ = {
			isa = PBXGroup;
			children = (
				450523AF259C1E920060F0B5 /* Fonts */,
				BA663FA025917ECF0031ACFE /* Assets.xcassets */,
				BAC29E7725AD88D100D117D4 /* ARFile */,
				455411322680CC0B004E7800 /* mp3 */,
			);
			path = Source;
			sourceTree = "<group>";
		};
		4554112F2680CB64004E7800 /* Album */ = {
			isa = PBXGroup;
			children = (
				45181CB126AF0370007F8DF5 /* ViewController */,
				456BA66C26BF5EA6003F89D5 /* Cell */,
			);
			path = Album;
			sourceTree = "<group>";
		};
		455411302680CB6B004E7800 /* AR */ = {
			isa = PBXGroup;
			children = (
				BAC29E6F25AD66CF00D117D4 /* ARView.storyboard */,
				45181CB326AF037F007F8DF5 /* ViewController */,
			);
			path = AR;
			sourceTree = "<group>";
		};
		455411312680CB91004E7800 /* MainGame */ = {
			isa = PBXGroup;
			children = (
				45AA92BA25E7D76F00064E62 /* ScrollingEffect.swift */,
				855B86CD26DC796C00C81935 /* NotePopupView.swift */,
				BA3B48E6266E14F500E92D9B /* PauseBarAlert.swift */,
				BA3C470225AB733A00A3334A /* ChoiceLogic.swift */,
				BA663FD22591CAC70031ACFE /* MainGame.storyboard */,
				BA3C46EA25AA10C600A3334A /* CollectionViewCell */,
				BAB2A558259B0D9D0062ED21 /* TableViewCell */,
				45181CAD26AF0323007F8DF5 /* ViewController */,
				4524E9B626C9EAC100FB9315 /* FloatingButton.swift */,
				854EC13426D479060050C722 /* ProfileImageTapEvent.swift */,
				BAD4E3422679E12A008FECAA /* characterFace.swift */,
			);
			path = MainGame;
			sourceTree = "<group>";
		};
		455411322680CC0B004E7800 /* mp3 */ = {
			isa = PBXGroup;
			children = (
				85B597F326B8F5D100BDB67D /* badending.mp3 */,
				85B597FE26B8F5D900BDB67D /* 선택지 선택.mp3 */,
				85B597FF26B8F5D900BDB67D /* buttonTap.mp3 */,
				85B597EE26B8F5D100BDB67D /* bright.mp3 */,
				85B597F426B8F5D100BDB67D /* cover1.mp3 */,
				85B597EF26B8F5D100BDB67D /* cover2.mp3 */,
				85B597F526B8F5D100BDB67D /* highlyElated.mp3 */,
				85B597F126B8F5D100BDB67D /* nervous1.mp3 */,
				85B597F026B8F5D100BDB67D /* nervous2.mp3 */,
				85B597F226B8F5D100BDB67D /* normal.mp3 */,
			);
			path = mp3;
			sourceTree = "<group>";
		};
		456BA65926BD80E8003F89D5 /* Cell */ = {
			isa = PBXGroup;
			children = (
				456BA65B26BD8177003F89D5 /* EpisodeCell.xib */,
				456BA65D26BD8185003F89D5 /* EpisodeCell.swift */,
				456BA66126BE8A79003F89D5 /* EpisodeCurrentCell.xib */,
				456BA66326BE8AA6003F89D5 /* EpisodeCurrentCell.swift */,
				456BA65F26BE5DB4003F89D5 /* CheckPointCell.swift */,
			);
			path = Cell;
			sourceTree = "<group>";
		};
		456BA65A26BD813B003F89D5 /* View */ = {
			isa = PBXGroup;
			children = (
				45F6D4672671EE3D001E92BE /* CircularProgressView.swift */,
				4524E9B026C7A41900FB9315 /* ProgressView.xib */,
				4524E9B226C7A42500FB9315 /* ProgressView.swift */,
			);
			path = View;
			sourceTree = "<group>";
		};
		456BA66526BE9EE4003F89D5 /* Extension */ = {
			isa = PBXGroup;
			children = (
				456BA66626BE9F0B003F89D5 /* IntExtension.swift */,
				4524E9B426C7B3FA00FB9315 /* UIColorExtension.swift */,
				4524E9BA26CA576800FB9315 /* UIViewControllerExtension.swift */,
				4524E9BC26CA95D400FB9315 /* ScrollViewExtension.swift */,
			);
			path = Extension;
			sourceTree = "<group>";
		};
		456BA66C26BF5EA6003F89D5 /* Cell */ = {
			isa = PBXGroup;
			children = (
				456BA66826BF5E8B003F89D5 /* AlbumCell.xib */,
				456BA66A26BF5E9F003F89D5 /* AlbumCell.swift */,
			);
			path = Cell;
			sourceTree = "<group>";
		};
		456BA66D26BFA44A003F89D5 /* Tutorial */ = {
			isa = PBXGroup;
			children = (
				456BA67026BFE9D3003F89D5 /* Cell */,
				456BA66E26BFA49C003F89D5 /* TutorialView.xib */,
				456BA68326BFFF56003F89D5 /* TutorialVC.swift */,
				4524E9B826CA3F5D00FB9315 /* TutorialModel.swift */,
			);
			path = Tutorial;
			sourceTree = "<group>";
		};
		456BA67026BFE9D3003F89D5 /* Cell */ = {
			isa = PBXGroup;
			children = (
				456BA67526BFEBE1003F89D5 /* TutorialCell1.xib */,
				456BA67B26BFEC1A003F89D5 /* TutorialCell1.swift */,
				456BA67726BFEBF2003F89D5 /* TutorialCell2.xib */,
				456BA67D26BFEC23003F89D5 /* TutorialCell2.swift */,
				456BA67926BFEBFF003F89D5 /* TutorialCell3.xib */,
				456BA67F26BFEC2C003F89D5 /* TutorialCell3.swift */,
			);
			path = Cell;
			sourceTree = "<group>";
		};
		45B1D01426034295006CB48C /* headerView */ = {
			isa = PBXGroup;
			children = (
				45B1D01526034302006CB48C /* CheckPointHeaderView.xib */,
				45B1D01F26034E8B006CB48C /* CheckPointHeaderView2.xib */,
				45B1D01A26034534006CB48C /* CheckPointHeaderFooterView.swift */,
			);
			path = headerView;
			sourceTree = "<group>";
		};
		45F105CE266E176400F77543 /* Home */ = {
			isa = PBXGroup;
			children = (
				BA3B48E4266E038D00E92D9B /* HomeView.storyboard */,
				45181CAE26AF033D007F8DF5 /* ViewController */,
			);
			path = Home;
			sourceTree = "<group>";
		};
		45F6D4662671EDF5001E92BE /* etc */ = {
			isa = PBXGroup;
			children = (
				BA663FA225917ECF0031ACFE /* LaunchScreen.storyboard */,
				BA900E62261720A0009D6380 /* AnimationController.swift */,
				BAB58EC525BFF3030078AADC /* codableColor.swift */,
				BA80050B25A602CD001799D1 /* jsonParsing.swift */,
				BAC29EE625AF5AFD00D117D4 /* audio.swift */,
				BA80058F25A849F6001799D1 /* ui.swift */,
			);
			path = etc;
			sourceTree = "<group>";
		};
		45F6D46926726A25001E92BE /* Model */ = {
			isa = PBXGroup;
			children = (
				45B1D03A2604A40C006CB48C /* UserBackupData.swift */,
				BAB2A5DE259E0CEA0062ED21 /* UserInstance.swift */,
				45AA92CF25E7D90A00064E62 /* DataModel.swift */,
				456BA68126BFF139003F89D5 /* FFLabel.swift */,
			);
			path = Model;
			sourceTree = "<group>";
		};
		859D99E826C90B5B0022C91A /* Map */ = {
			isa = PBXGroup;
			children = (
				859D99E926C90B7D0022C91A /* Map.storyboard */,
				859D99EB26C9169A0022C91A /* MapViewController.swift */,
				859D99ED26C916B90022C91A /* ImageViewerViewController.swift */,
				45E3AC4626D487C500841F44 /* MapPlaceButton.swift */,
				45E3AC4826D487CF00841F44 /* MapPlaceButton.xib */,
			);
			path = Map;
			sourceTree = "<group>";
		};
		BA3C46EA25AA10C600A3334A /* CollectionViewCell */ = {
			isa = PBXGroup;
			children = (
				45AA92C525E7D79800064E62 /* godChatCollectionViewCell.swift */,
				BA3C46EC25AA114000A3334A /* choiceCollectionViewCell.swift */,
			);
			path = CollectionViewCell;
			sourceTree = "<group>";
		};
		BA663F8B25917ECC0031ACFE = {
			isa = PBXGroup;
			children = (
				BA663F9625917ECC0031ACFE /* FunhiPrototype2 */,
				BA663FAD25917ECF0031ACFE /* FunhiPrototype2Tests */,
				BA663FB825917ECF0031ACFE /* FunhiPrototype2UITests */,
				BA663F9525917ECC0031ACFE /* Products */,
				01081D838580E998BF58A362 /* Pods */,
				2C9A1F5CC9A9D7BF5CA86B21 /* Frameworks */,
			);
			sourceTree = "<group>";
		};
		BA663F9525917ECC0031ACFE /* Products */ = {
			isa = PBXGroup;
			children = (
				BA663F9425917ECC0031ACFE /* FunhiPrototype2.app */,
				BA663FAA25917ECF0031ACFE /* FunhiPrototype2Tests.xctest */,
				BA663FB525917ECF0031ACFE /* FunhiPrototype2UITests.xctest */,
			);
			name = Products;
			sourceTree = "<group>";
		};
		BA663F9625917ECC0031ACFE /* FunhiPrototype2 */ = {
			isa = PBXGroup;
			children = (
				BA663FA525917ECF0031ACFE /* Info.plist */,
				BA663F9725917ECC0031ACFE /* AppDelegate.swift */,
				BA663F9925917ECC0031ACFE /* SceneDelegate.swift */,
				BAB2A556259B0D6D0062ED21 /* Scene */,
				45F6D46926726A25001E92BE /* Model */,
				45F6D4662671EDF5001E92BE /* etc */,
				45181CB526AF053E007F8DF5 /* Source */,
				456BA66526BE9EE4003F89D5 /* Extension */,
			);
			path = FunhiPrototype2;
			sourceTree = "<group>";
		};
		BA663FAD25917ECF0031ACFE /* FunhiPrototype2Tests */ = {
			isa = PBXGroup;
			children = (
				BA663FAE25917ECF0031ACFE /* FunhiPrototype2Tests.swift */,
				BA663FB025917ECF0031ACFE /* Info.plist */,
			);
			path = FunhiPrototype2Tests;
			sourceTree = "<group>";
		};
		BA663FB825917ECF0031ACFE /* FunhiPrototype2UITests */ = {
			isa = PBXGroup;
			children = (
				BA663FB925917ECF0031ACFE /* FunhiPrototype2UITests.swift */,
				BA663FBB25917ECF0031ACFE /* Info.plist */,
			);
			path = FunhiPrototype2UITests;
			sourceTree = "<group>";
		};
		BA80057B25A849C4001799D1 /* CoverView */ = {
			isa = PBXGroup;
			children = (
				BA80056125A6EC6C001799D1 /* CoverView.storyboard */,
				45181CAF26AF0361007F8DF5 /* ViewController */,
			);
			path = CoverView;
			sourceTree = "<group>";
		};
		BA80058725A849C7001799D1 /* Timeline */ = {
			isa = PBXGroup;
			children = (
				45181CB226AF0378007F8DF5 /* ViewController */,
				456BA65A26BD813B003F89D5 /* View */,
				456BA65926BD80E8003F89D5 /* Cell */,
				45B1D01426034295006CB48C /* headerView */,
			);
			path = Timeline;
			sourceTree = "<group>";
		};
		BAB2A556259B0D6D0062ED21 /* Scene */ = {
			isa = PBXGroup;
			children = (
				45A7491F26EDEDD4007D7361 /* DataTest.swift */,
				456BA66D26BFA44A003F89D5 /* Tutorial */,
				BA80057B25A849C4001799D1 /* CoverView */,
				45F105CE266E176400F77543 /* Home */,
				455411312680CB91004E7800 /* MainGame */,
				859D99E826C90B5B0022C91A /* Map */,
				BADCA6B425A300E5006A10BF /* Note */,
				4554112F2680CB64004E7800 /* Album */,
				BA80058725A849C7001799D1 /* Timeline */,
				455411302680CB6B004E7800 /* AR */,
			);
			path = Scene;
			sourceTree = "<group>";
		};
		BAB2A558259B0D9D0062ED21 /* TableViewCell */ = {
			isa = PBXGroup;
			children = (
				BAB2A559259B0DC20062ED21 /* SectionTableViewCell.swift */,
				BAC29E8A25AE8AD200D117D4 /* ARTableViewCell.swift */,
				BAB2A561259B0DD00062ED21 /* OpTextTableViewCell.swift */,
				BAB2A566259B0DDB0062ED21 /* MyTextTableViewCell.swift */,
				BAB2A56B259B0DE90062ED21 /* ImageTableViewCell.swift */,
				BA80059425A852F3001799D1 /* MonologueTableViewCell.swift */,
				BA5AB5F7267DD4890090E5B7 /* SeparatorTableViewCell.swift */,
			);
			path = TableViewCell;
			sourceTree = "<group>";
		};
		BAC29E7725AD88D100D117D4 /* ARFile */ = {
			isa = PBXGroup;
			children = (
				459561CC267E3DE100DA3A3A /* HidePocketBetweenRocks.rcproject */,
				459561CD267E3DE100DA3A3A /* HidePocketInGround.rcproject */,
			);
			name = ARFile;
			path = FunhiPrototype2/Source/ARFile;
			sourceTree = SOURCE_ROOT;
		};
		BADCA6B425A300E5006A10BF /* Note */ = {
			isa = PBXGroup;
			children = (
				45181CB426AF04C7007F8DF5 /* etc */,
				453B3EB425F1F55300AC4E53 /* NoteView.storyboard */,
				45181CB026AF0367007F8DF5 /* ViewController */,
			);
			path = Note;
			sourceTree = "<group>";
		};
/* End PBXGroup section */

/* Begin PBXNativeTarget section */
		BA663F9325917ECC0031ACFE /* FunhiPrototype2 */ = {
			isa = PBXNativeTarget;
			buildConfigurationList = BA663FBE25917ECF0031ACFE /* Build configuration list for PBXNativeTarget "FunhiPrototype2" */;
			buildPhases = (
				D2A7AF9ACEFCA68357A88285 /* [CP] Check Pods Manifest.lock */,
				BA663F9025917ECC0031ACFE /* Sources */,
				BA663F9125917ECC0031ACFE /* Frameworks */,
				BA663F9225917ECC0031ACFE /* Resources */,
				1B7A7A1344FD5F89A5D8459F /* [CP] Embed Pods Frameworks */,
			);
			buildRules = (
			);
			dependencies = (
			);
			name = FunhiPrototype2;
			productName = FunhiPrototype2;
			productReference = BA663F9425917ECC0031ACFE /* FunhiPrototype2.app */;
			productType = "com.apple.product-type.application";
		};
		BA663FA925917ECF0031ACFE /* FunhiPrototype2Tests */ = {
			isa = PBXNativeTarget;
			buildConfigurationList = BA663FC125917ECF0031ACFE /* Build configuration list for PBXNativeTarget "FunhiPrototype2Tests" */;
			buildPhases = (
				F7D5D1E1A2DFC3E3B174AB6C /* [CP] Check Pods Manifest.lock */,
				BA663FA625917ECF0031ACFE /* Sources */,
				BA663FA725917ECF0031ACFE /* Frameworks */,
				BA663FA825917ECF0031ACFE /* Resources */,
			);
			buildRules = (
			);
			dependencies = (
				BA663FAC25917ECF0031ACFE /* PBXTargetDependency */,
			);
			name = FunhiPrototype2Tests;
			productName = FunhiPrototype2Tests;
			productReference = BA663FAA25917ECF0031ACFE /* FunhiPrototype2Tests.xctest */;
			productType = "com.apple.product-type.bundle.unit-test";
		};
		BA663FB425917ECF0031ACFE /* FunhiPrototype2UITests */ = {
			isa = PBXNativeTarget;
			buildConfigurationList = BA663FC425917ECF0031ACFE /* Build configuration list for PBXNativeTarget "FunhiPrototype2UITests" */;
			buildPhases = (
				9BF4771DE3507F1419BF7322 /* [CP] Check Pods Manifest.lock */,
				BA663FB125917ECF0031ACFE /* Sources */,
				BA663FB225917ECF0031ACFE /* Frameworks */,
				BA663FB325917ECF0031ACFE /* Resources */,
				ED2580B8A1966317CA4EB900 /* [CP] Embed Pods Frameworks */,
			);
			buildRules = (
			);
			dependencies = (
				BA663FB725917ECF0031ACFE /* PBXTargetDependency */,
			);
			name = FunhiPrototype2UITests;
			productName = FunhiPrototype2UITests;
			productReference = BA663FB525917ECF0031ACFE /* FunhiPrototype2UITests.xctest */;
			productType = "com.apple.product-type.bundle.ui-testing";
		};
/* End PBXNativeTarget section */

/* Begin PBXProject section */
		BA663F8C25917ECC0031ACFE /* Project object */ = {
			isa = PBXProject;
			attributes = {
				LastSwiftUpdateCheck = 1230;
				LastUpgradeCheck = 1230;
				TargetAttributes = {
					BA663F9325917ECC0031ACFE = {
						CreatedOnToolsVersion = 12.3;
					};
					BA663FA925917ECF0031ACFE = {
						CreatedOnToolsVersion = 12.3;
						TestTargetID = BA663F9325917ECC0031ACFE;
					};
					BA663FB425917ECF0031ACFE = {
						CreatedOnToolsVersion = 12.3;
						TestTargetID = BA663F9325917ECC0031ACFE;
					};
				};
			};
			buildConfigurationList = BA663F8F25917ECC0031ACFE /* Build configuration list for PBXProject "FunhiPrototype2" */;
			compatibilityVersion = "Xcode 9.3";
			developmentRegion = en;
			hasScannedForEncodings = 0;
			knownRegions = (
				en,
				Base,
			);
			mainGroup = BA663F8B25917ECC0031ACFE;
			productRefGroup = BA663F9525917ECC0031ACFE /* Products */;
			projectDirPath = "";
			projectRoot = "";
			targets = (
				BA663F9325917ECC0031ACFE /* FunhiPrototype2 */,
				BA663FA925917ECF0031ACFE /* FunhiPrototype2Tests */,
				BA663FB425917ECF0031ACFE /* FunhiPrototype2UITests */,
			);
		};
/* End PBXProject section */

/* Begin PBXResourcesBuildPhase section */
		BA663F9225917ECC0031ACFE /* Resources */ = {
			isa = PBXResourcesBuildPhase;
			buildActionMask = 2147483647;
			files = (
				BA80056225A6EC6C001799D1 /* CoverView.storyboard in Resources */,
				456BA66926BF5E8B003F89D5 /* AlbumCell.xib in Resources */,
				456BA65C26BD8177003F89D5 /* EpisodeCell.xib in Resources */,
				4548735E25F758C800D61F6B /* NanumSquareExtraBold.ttf in Resources */,
				BA663FD32591CAC70031ACFE /* MainGame.storyboard in Resources */,
				456BA67A26BFEBFF003F89D5 /* TutorialCell3.xib in Resources */,
				85B597FA26B8F5D100BDB67D /* normal.mp3 in Resources */,
				45B1D02026034E8B006CB48C /* CheckPointHeaderView2.xib in Resources */,
				453B3EB525F1F55300AC4E53 /* NoteView.storyboard in Resources */,
				859D99EA26C90B7D0022C91A /* Map.storyboard in Resources */,
				4524E9B126C7A41900FB9315 /* ProgressView.xib in Resources */,
				8519696D26CD0DED00AB5F03 /* Spoqa Han Sans Neo Light.otf in Resources */,
				BA4A7A3D2668904D000287CD /* EBS훈민정음SB.otf in Resources */,
				4548735025F758C800D61F6B /* NanumSquareBold.ttf in Resources */,
				BA663FA425917ECF0031ACFE /* LaunchScreen.storyboard in Resources */,
				85B597FC26B8F5D100BDB67D /* cover1.mp3 in Resources */,
				4548735425F758C800D61F6B /* 경기천년바탕_Regular.ttf in Resources */,
				85B597F726B8F5D100BDB67D /* cover2.mp3 in Resources */,
				456BA67626BFEBE1003F89D5 /* TutorialCell1.xib in Resources */,
				85B5980126B8F5D900BDB67D /* buttonTap.mp3 in Resources */,
				BA3B48E5266E038D00E92D9B /* HomeView.storyboard in Resources */,
				85B597F626B8F5D100BDB67D /* bright.mp3 in Resources */,
				BA80056725A6EDF5001799D1 /* TimelineView.storyboard in Resources */,
				85B597F926B8F5D100BDB67D /* nervous1.mp3 in Resources */,
				BA663FA125917ECF0031ACFE /* Assets.xcassets in Resources */,
				85B5980026B8F5D900BDB67D /* 선택지 선택.mp3 in Resources */,
				4548735D25F758C800D61F6B /* NanumSquareRegular.ttf in Resources */,
				45E3AC4926D487CF00841F44 /* MapPlaceButton.xib in Resources */,
				85B597FD26B8F5D100BDB67D /* highlyElated.mp3 in Resources */,
				4548735A25F758C800D61F6B /* 나눔손글씨 할아버지의나눔.ttf in Resources */,
				4548735C25F758C800D61F6B /* 경기천년바탕_Bold.ttf in Resources */,
				456BA66F26BFA49D003F89D5 /* TutorialView.xib in Resources */,
				85B597F826B8F5D100BDB67D /* nervous2.mp3 in Resources */,
				456BA66226BE8A79003F89D5 /* EpisodeCurrentCell.xib in Resources */,
				BAC29E7025AD66CF00D117D4 /* ARView.storyboard in Resources */,
				45B1D01626034302006CB48C /* CheckPointHeaderView.xib in Resources */,
				45F6D46A2673DFFE001E92BE /* AlbumView.storyboard in Resources */,
				456BA67826BFEBF2003F89D5 /* TutorialCell2.xib in Resources */,
				85B597FB26B8F5D100BDB67D /* badending.mp3 in Resources */,
			);
			runOnlyForDeploymentPostprocessing = 0;
		};
		BA663FA825917ECF0031ACFE /* Resources */ = {
			isa = PBXResourcesBuildPhase;
			buildActionMask = 2147483647;
			files = (
			);
			runOnlyForDeploymentPostprocessing = 0;
		};
		BA663FB325917ECF0031ACFE /* Resources */ = {
			isa = PBXResourcesBuildPhase;
			buildActionMask = 2147483647;
			files = (
			);
			runOnlyForDeploymentPostprocessing = 0;
		};
/* End PBXResourcesBuildPhase section */

/* Begin PBXShellScriptBuildPhase section */
		1B7A7A1344FD5F89A5D8459F /* [CP] Embed Pods Frameworks */ = {
			isa = PBXShellScriptBuildPhase;
			buildActionMask = 2147483647;
			files = (
			);
			inputFileListPaths = (
				"${PODS_ROOT}/Target Support Files/Pods-FunhiPrototype2/Pods-FunhiPrototype2-frameworks-${CONFIGURATION}-input-files.xcfilelist",
			);
			name = "[CP] Embed Pods Frameworks";
			outputFileListPaths = (
				"${PODS_ROOT}/Target Support Files/Pods-FunhiPrototype2/Pods-FunhiPrototype2-frameworks-${CONFIGURATION}-output-files.xcfilelist",
			);
			runOnlyForDeploymentPostprocessing = 0;
			shellPath = /bin/sh;
			shellScript = "\"${PODS_ROOT}/Target Support Files/Pods-FunhiPrototype2/Pods-FunhiPrototype2-frameworks.sh\"\n";
			showEnvVarsInLog = 0;
		};
		9BF4771DE3507F1419BF7322 /* [CP] Check Pods Manifest.lock */ = {
			isa = PBXShellScriptBuildPhase;
			buildActionMask = 2147483647;
			files = (
			);
			inputFileListPaths = (
			);
			inputPaths = (
				"${PODS_PODFILE_DIR_PATH}/Podfile.lock",
				"${PODS_ROOT}/Manifest.lock",
			);
			name = "[CP] Check Pods Manifest.lock";
			outputFileListPaths = (
			);
			outputPaths = (
				"$(DERIVED_FILE_DIR)/Pods-FunhiPrototype2-FunhiPrototype2UITests-checkManifestLockResult.txt",
			);
			runOnlyForDeploymentPostprocessing = 0;
			shellPath = /bin/sh;
			shellScript = "diff \"${PODS_PODFILE_DIR_PATH}/Podfile.lock\" \"${PODS_ROOT}/Manifest.lock\" > /dev/null\nif [ $? != 0 ] ; then\n    # print error to STDERR\n    echo \"error: The sandbox is not in sync with the Podfile.lock. Run 'pod install' or update your CocoaPods installation.\" >&2\n    exit 1\nfi\n# This output is used by Xcode 'outputs' to avoid re-running this script phase.\necho \"SUCCESS\" > \"${SCRIPT_OUTPUT_FILE_0}\"\n";
			showEnvVarsInLog = 0;
		};
		D2A7AF9ACEFCA68357A88285 /* [CP] Check Pods Manifest.lock */ = {
			isa = PBXShellScriptBuildPhase;
			buildActionMask = 2147483647;
			files = (
			);
			inputFileListPaths = (
			);
			inputPaths = (
				"${PODS_PODFILE_DIR_PATH}/Podfile.lock",
				"${PODS_ROOT}/Manifest.lock",
			);
			name = "[CP] Check Pods Manifest.lock";
			outputFileListPaths = (
			);
			outputPaths = (
				"$(DERIVED_FILE_DIR)/Pods-FunhiPrototype2-checkManifestLockResult.txt",
			);
			runOnlyForDeploymentPostprocessing = 0;
			shellPath = /bin/sh;
			shellScript = "diff \"${PODS_PODFILE_DIR_PATH}/Podfile.lock\" \"${PODS_ROOT}/Manifest.lock\" > /dev/null\nif [ $? != 0 ] ; then\n    # print error to STDERR\n    echo \"error: The sandbox is not in sync with the Podfile.lock. Run 'pod install' or update your CocoaPods installation.\" >&2\n    exit 1\nfi\n# This output is used by Xcode 'outputs' to avoid re-running this script phase.\necho \"SUCCESS\" > \"${SCRIPT_OUTPUT_FILE_0}\"\n";
			showEnvVarsInLog = 0;
		};
		ED2580B8A1966317CA4EB900 /* [CP] Embed Pods Frameworks */ = {
			isa = PBXShellScriptBuildPhase;
			buildActionMask = 2147483647;
			files = (
			);
			inputFileListPaths = (
				"${PODS_ROOT}/Target Support Files/Pods-FunhiPrototype2-FunhiPrototype2UITests/Pods-FunhiPrototype2-FunhiPrototype2UITests-frameworks-${CONFIGURATION}-input-files.xcfilelist",
			);
			name = "[CP] Embed Pods Frameworks";
			outputFileListPaths = (
				"${PODS_ROOT}/Target Support Files/Pods-FunhiPrototype2-FunhiPrototype2UITests/Pods-FunhiPrototype2-FunhiPrototype2UITests-frameworks-${CONFIGURATION}-output-files.xcfilelist",
			);
			runOnlyForDeploymentPostprocessing = 0;
			shellPath = /bin/sh;
			shellScript = "\"${PODS_ROOT}/Target Support Files/Pods-FunhiPrototype2-FunhiPrototype2UITests/Pods-FunhiPrototype2-FunhiPrototype2UITests-frameworks.sh\"\n";
			showEnvVarsInLog = 0;
		};
		F7D5D1E1A2DFC3E3B174AB6C /* [CP] Check Pods Manifest.lock */ = {
			isa = PBXShellScriptBuildPhase;
			buildActionMask = 2147483647;
			files = (
			);
			inputFileListPaths = (
			);
			inputPaths = (
				"${PODS_PODFILE_DIR_PATH}/Podfile.lock",
				"${PODS_ROOT}/Manifest.lock",
			);
			name = "[CP] Check Pods Manifest.lock";
			outputFileListPaths = (
			);
			outputPaths = (
				"$(DERIVED_FILE_DIR)/Pods-FunhiPrototype2Tests-checkManifestLockResult.txt",
			);
			runOnlyForDeploymentPostprocessing = 0;
			shellPath = /bin/sh;
			shellScript = "diff \"${PODS_PODFILE_DIR_PATH}/Podfile.lock\" \"${PODS_ROOT}/Manifest.lock\" > /dev/null\nif [ $? != 0 ] ; then\n    # print error to STDERR\n    echo \"error: The sandbox is not in sync with the Podfile.lock. Run 'pod install' or update your CocoaPods installation.\" >&2\n    exit 1\nfi\n# This output is used by Xcode 'outputs' to avoid re-running this script phase.\necho \"SUCCESS\" > \"${SCRIPT_OUTPUT_FILE_0}\"\n";
			showEnvVarsInLog = 0;
		};
/* End PBXShellScriptBuildPhase section */

/* Begin PBXSourcesBuildPhase section */
		BA663F9025917ECC0031ACFE /* Sources */ = {
			isa = PBXSourcesBuildPhase;
			buildActionMask = 2147483647;
			files = (
				BAEF067226819CE500B78512 /* HidePocketBetweenRocks.rcproject in Sources */,
				45AA92D025E7D90A00064E62 /* DataModel.swift in Sources */,
				45B1D03B2604A40D006CB48C /* UserBackupData.swift in Sources */,
				BAB58EC625BFF3030078AADC /* codableColor.swift in Sources */,
				BAB2A5DF259E0CEA0062ED21 /* UserInstance.swift in Sources */,
				45B1D01B26034534006CB48C /* CheckPointHeaderFooterView.swift in Sources */,
				BAADA9FE25A3E7AA00ED23A9 /* NoteHeeryeongViewController.swift in Sources */,
				45F105C5266E0C3B00F77543 /* HomeViewController.swift in Sources */,
				456BA67E26BFEC23003F89D5 /* TutorialCell2.swift in Sources */,
				BAC29EE725AF5AFD00D117D4 /* audio.swift in Sources */,
				BAB2A562259B0DD00062ED21 /* OpTextTableViewCell.swift in Sources */,
				BA80058325A849C4001799D1 /* SelectStageViewController.swift in Sources */,
				BAADA9FC25A3E7AA00ED23A9 /* NoteGameCharacterViewController.swift in Sources */,
				BA900E63261720A0009D6380 /* AnimationController.swift in Sources */,
				45AA92BE25E7D76F00064E62 /* ScrollingEffect.swift in Sources */,
				456BA66426BE8AA7003F89D5 /* EpisodeCurrentCell.swift in Sources */,
				BA80050C25A602CD001799D1 /* jsonParsing.swift in Sources */,
				45AA92C625E7D79800064E62 /* godChatCollectionViewCell.swift in Sources */,
				4524E9B726C9EAC100FB9315 /* FloatingButton.swift in Sources */,
				45A7492026EDEDD5007D7361 /* DataTest.swift in Sources */,
				BA80058A25A849C7001799D1 /* TimeLineViewController.swift in Sources */,
				45181CBE26AF12E8007F8DF5 /* AlbumViewController.swift in Sources */,
				BA3C46E325A9EA5E00A3334A /* EPHistoryViewController.swift in Sources */,
				45F105CA266E175800F77543 /* HomeNewSelecteStageViewController.swift in Sources */,
				4524E9B526C7B3FA00FB9315 /* UIColorExtension.swift in Sources */,
				456BA65E26BD8185003F89D5 /* EpisodeCell.swift in Sources */,
				456BA66726BE9F0B003F89D5 /* IntExtension.swift in Sources */,
				BAB2A567259B0DDB0062ED21 /* MyTextTableViewCell.swift in Sources */,
				4524E9BD26CA95D500FB9315 /* ScrollViewExtension.swift in Sources */,
				859D99EC26C9169A0022C91A /* MapViewController.swift in Sources */,
				BAD4E3432679E12A008FECAA /* characterFace.swift in Sources */,
				BAADA9FD25A3E7AA00ED23A9 /* NoteUserViewController.swift in Sources */,
				BAB2A5EC25A1B41E0062ED21 /* SettingViewController.swift in Sources */,
				BA3C470325AB733A00A3334A /* ChoiceLogic.swift in Sources */,
				4524E9BB26CA576800FB9315 /* UIViewControllerExtension.swift in Sources */,
				BAB2A56C259B0DE90062ED21 /* ImageTableViewCell.swift in Sources */,
				456BA67C26BFEC1A003F89D5 /* TutorialCell1.swift in Sources */,
				BA5AB5F8267DD4890090E5B7 /* SeparatorTableViewCell.swift in Sources */,
				BAB2A55A259B0DC20062ED21 /* SectionTableViewCell.swift in Sources */,
				BAC29E8B25AE8AD200D117D4 /* ARTableViewCell.swift in Sources */,
				456BA68026BFEC2C003F89D5 /* TutorialCell3.swift in Sources */,
				BA80059525A852F3001799D1 /* MonologueTableViewCell.swift in Sources */,
				4524E9BF26CA972200FB9315 /* MaingameARViewController.swift in Sources */,
				BA80058125A849C4001799D1 /* TitleCoverViewController.swift in Sources */,
				459561CF267E3DE100DA3A3A /* HidePocketInGround.rcproject in Sources */,
				45F6D4682671EE3E001E92BE /* CircularProgressView.swift in Sources */,
				45E3AC4726D487C500841F44 /* MapPlaceButton.swift in Sources */,
				456BA66B26BF5E9F003F89D5 /* AlbumCell.swift in Sources */,
				456BA68226BFF13A003F89D5 /* FFLabel.swift in Sources */,
				854EC13526D479060050C722 /* ProfileImageTapEvent.swift in Sources */,
				456BA68426BFFF57003F89D5 /* TutorialVC.swift in Sources */,
				BA663F9825917ECC0031ACFE /* AppDelegate.swift in Sources */,
				855B86CE26DC796D00C81935 /* NotePopupView.swift in Sources */,
				456BA66026BE5DB4003F89D5 /* CheckPointCell.swift in Sources */,
				BA3B48E7266E14F500E92D9B /* PauseBarAlert.swift in Sources */,
				BA06931825C128FF0046B647 /* endingViewController.swift in Sources */,
				859D99EE26C916B90022C91A /* ImageViewerViewController.swift in Sources */,
				BAB2A552259B0C750062ED21 /* MainGameViewController.swift in Sources */,
				4524E9B926CA3F5E00FB9315 /* TutorialModel.swift in Sources */,
				BA80059025A849F6001799D1 /* ui.swift in Sources */,
				BA3C46ED25AA114000A3334A /* choiceCollectionViewCell.swift in Sources */,
				BADCA6B625A300E5006A10BF /* NoteViewController.swift in Sources */,
				BA80058225A849C4001799D1 /* ChapterCoverViewController.swift in Sources */,
				4524E9B326C7A42500FB9315 /* ProgressView.swift in Sources */,
				BA663F9A25917ECC0031ACFE /* SceneDelegate.swift in Sources */,
				BA3A569225A1CD1F00941D71 /* CreditViewController.swift in Sources */,
			);
			runOnlyForDeploymentPostprocessing = 0;
		};
		BA663FA625917ECF0031ACFE /* Sources */ = {
			isa = PBXSourcesBuildPhase;
			buildActionMask = 2147483647;
			files = (
				BA663FAF25917ECF0031ACFE /* FunhiPrototype2Tests.swift in Sources */,
			);
			runOnlyForDeploymentPostprocessing = 0;
		};
		BA663FB125917ECF0031ACFE /* Sources */ = {
			isa = PBXSourcesBuildPhase;
			buildActionMask = 2147483647;
			files = (
				BA663FBA25917ECF0031ACFE /* FunhiPrototype2UITests.swift in Sources */,
			);
			runOnlyForDeploymentPostprocessing = 0;
		};
/* End PBXSourcesBuildPhase section */

/* Begin PBXTargetDependency section */
		BA663FAC25917ECF0031ACFE /* PBXTargetDependency */ = {
			isa = PBXTargetDependency;
			target = BA663F9325917ECC0031ACFE /* FunhiPrototype2 */;
			targetProxy = BA663FAB25917ECF0031ACFE /* PBXContainerItemProxy */;
		};
		BA663FB725917ECF0031ACFE /* PBXTargetDependency */ = {
			isa = PBXTargetDependency;
			target = BA663F9325917ECC0031ACFE /* FunhiPrototype2 */;
			targetProxy = BA663FB625917ECF0031ACFE /* PBXContainerItemProxy */;
		};
/* End PBXTargetDependency section */

/* Begin PBXVariantGroup section */
		BA663FA225917ECF0031ACFE /* LaunchScreen.storyboard */ = {
			isa = PBXVariantGroup;
			children = (
				BA663FA325917ECF0031ACFE /* Base */,
			);
			name = LaunchScreen.storyboard;
			sourceTree = "<group>";
		};
/* End PBXVariantGroup section */

/* Begin XCBuildConfiguration section */
		BA663FBC25917ECF0031ACFE /* Debug */ = {
			isa = XCBuildConfiguration;
			buildSettings = {
				ALWAYS_SEARCH_USER_PATHS = NO;
				CLANG_ANALYZER_NONNULL = YES;
				CLANG_ANALYZER_NUMBER_OBJECT_CONVERSION = YES_AGGRESSIVE;
				CLANG_CXX_LANGUAGE_STANDARD = "gnu++14";
				CLANG_CXX_LIBRARY = "libc++";
				CLANG_ENABLE_MODULES = YES;
				CLANG_ENABLE_OBJC_ARC = YES;
				CLANG_ENABLE_OBJC_WEAK = YES;
				CLANG_WARN_BLOCK_CAPTURE_AUTORELEASING = YES;
				CLANG_WARN_BOOL_CONVERSION = YES;
				CLANG_WARN_COMMA = YES;
				CLANG_WARN_CONSTANT_CONVERSION = YES;
				CLANG_WARN_DEPRECATED_OBJC_IMPLEMENTATIONS = YES;
				CLANG_WARN_DIRECT_OBJC_ISA_USAGE = YES_ERROR;
				CLANG_WARN_DOCUMENTATION_COMMENTS = YES;
				CLANG_WARN_EMPTY_BODY = YES;
				CLANG_WARN_ENUM_CONVERSION = YES;
				CLANG_WARN_INFINITE_RECURSION = YES;
				CLANG_WARN_INT_CONVERSION = YES;
				CLANG_WARN_NON_LITERAL_NULL_CONVERSION = YES;
				CLANG_WARN_OBJC_IMPLICIT_RETAIN_SELF = YES;
				CLANG_WARN_OBJC_LITERAL_CONVERSION = YES;
				CLANG_WARN_OBJC_ROOT_CLASS = YES_ERROR;
				CLANG_WARN_QUOTED_INCLUDE_IN_FRAMEWORK_HEADER = YES;
				CLANG_WARN_RANGE_LOOP_ANALYSIS = YES;
				CLANG_WARN_STRICT_PROTOTYPES = YES;
				CLANG_WARN_SUSPICIOUS_MOVE = YES;
				CLANG_WARN_UNGUARDED_AVAILABILITY = YES_AGGRESSIVE;
				CLANG_WARN_UNREACHABLE_CODE = YES;
				CLANG_WARN__DUPLICATE_METHOD_MATCH = YES;
				COPY_PHASE_STRIP = NO;
				DEBUG_INFORMATION_FORMAT = dwarf;
				ENABLE_STRICT_OBJC_MSGSEND = YES;
				ENABLE_TESTABILITY = YES;
				GCC_C_LANGUAGE_STANDARD = gnu11;
				GCC_DYNAMIC_NO_PIC = NO;
				GCC_NO_COMMON_BLOCKS = YES;
				GCC_OPTIMIZATION_LEVEL = 0;
				GCC_PREPROCESSOR_DEFINITIONS = (
					"DEBUG=1",
					"$(inherited)",
				);
				GCC_WARN_64_TO_32_BIT_CONVERSION = YES;
				GCC_WARN_ABOUT_RETURN_TYPE = YES_ERROR;
				GCC_WARN_UNDECLARED_SELECTOR = YES;
				GCC_WARN_UNINITIALIZED_AUTOS = YES_AGGRESSIVE;
				GCC_WARN_UNUSED_FUNCTION = YES;
				GCC_WARN_UNUSED_VARIABLE = YES;
				IPHONEOS_DEPLOYMENT_TARGET = 13.0;
				MTL_ENABLE_DEBUG_INFO = INCLUDE_SOURCE;
				MTL_FAST_MATH = YES;
				ONLY_ACTIVE_ARCH = YES;
				SDKROOT = iphoneos;
				SWIFT_ACTIVE_COMPILATION_CONDITIONS = DEBUG;
				SWIFT_OPTIMIZATION_LEVEL = "-Onone";
			};
			name = Debug;
		};
		BA663FBD25917ECF0031ACFE /* Release */ = {
			isa = XCBuildConfiguration;
			buildSettings = {
				ALWAYS_SEARCH_USER_PATHS = NO;
				CLANG_ANALYZER_NONNULL = YES;
				CLANG_ANALYZER_NUMBER_OBJECT_CONVERSION = YES_AGGRESSIVE;
				CLANG_CXX_LANGUAGE_STANDARD = "gnu++14";
				CLANG_CXX_LIBRARY = "libc++";
				CLANG_ENABLE_MODULES = YES;
				CLANG_ENABLE_OBJC_ARC = YES;
				CLANG_ENABLE_OBJC_WEAK = YES;
				CLANG_WARN_BLOCK_CAPTURE_AUTORELEASING = YES;
				CLANG_WARN_BOOL_CONVERSION = YES;
				CLANG_WARN_COMMA = YES;
				CLANG_WARN_CONSTANT_CONVERSION = YES;
				CLANG_WARN_DEPRECATED_OBJC_IMPLEMENTATIONS = YES;
				CLANG_WARN_DIRECT_OBJC_ISA_USAGE = YES_ERROR;
				CLANG_WARN_DOCUMENTATION_COMMENTS = YES;
				CLANG_WARN_EMPTY_BODY = YES;
				CLANG_WARN_ENUM_CONVERSION = YES;
				CLANG_WARN_INFINITE_RECURSION = YES;
				CLANG_WARN_INT_CONVERSION = YES;
				CLANG_WARN_NON_LITERAL_NULL_CONVERSION = YES;
				CLANG_WARN_OBJC_IMPLICIT_RETAIN_SELF = YES;
				CLANG_WARN_OBJC_LITERAL_CONVERSION = YES;
				CLANG_WARN_OBJC_ROOT_CLASS = YES_ERROR;
				CLANG_WARN_QUOTED_INCLUDE_IN_FRAMEWORK_HEADER = YES;
				CLANG_WARN_RANGE_LOOP_ANALYSIS = YES;
				CLANG_WARN_STRICT_PROTOTYPES = YES;
				CLANG_WARN_SUSPICIOUS_MOVE = YES;
				CLANG_WARN_UNGUARDED_AVAILABILITY = YES_AGGRESSIVE;
				CLANG_WARN_UNREACHABLE_CODE = YES;
				CLANG_WARN__DUPLICATE_METHOD_MATCH = YES;
				COPY_PHASE_STRIP = NO;
				DEBUG_INFORMATION_FORMAT = "dwarf-with-dsym";
				ENABLE_NS_ASSERTIONS = NO;
				ENABLE_STRICT_OBJC_MSGSEND = YES;
				GCC_C_LANGUAGE_STANDARD = gnu11;
				GCC_NO_COMMON_BLOCKS = YES;
				GCC_WARN_64_TO_32_BIT_CONVERSION = YES;
				GCC_WARN_ABOUT_RETURN_TYPE = YES_ERROR;
				GCC_WARN_UNDECLARED_SELECTOR = YES;
				GCC_WARN_UNINITIALIZED_AUTOS = YES_AGGRESSIVE;
				GCC_WARN_UNUSED_FUNCTION = YES;
				GCC_WARN_UNUSED_VARIABLE = YES;
				IPHONEOS_DEPLOYMENT_TARGET = 13.0;
				MTL_ENABLE_DEBUG_INFO = NO;
				MTL_FAST_MATH = YES;
				SDKROOT = iphoneos;
				SWIFT_COMPILATION_MODE = wholemodule;
				SWIFT_OPTIMIZATION_LEVEL = "-O";
				VALIDATE_PRODUCT = YES;
			};
			name = Release;
		};
		BA663FBF25917ECF0031ACFE /* Debug */ = {
			isa = XCBuildConfiguration;
			baseConfigurationReference = B9E3A3604663B854F39CBE53 /* Pods-FunhiPrototype2.debug.xcconfig */;
			buildSettings = {
				ASSETCATALOG_COMPILER_APPICON_NAME = AppIcon;
				ASSETCATALOG_COMPILER_GLOBAL_ACCENT_COLOR_NAME = AccentColor;
				CODE_SIGN_STYLE = Automatic;
				CURRENT_PROJECT_VERSION = 5;
				DEVELOPMENT_TEAM = 4QG3GC35LA;
				INFOPLIST_FILE = FunhiPrototype2/Info.plist;
				IPHONEOS_DEPLOYMENT_TARGET = 13.0;
				LD_RUNPATH_SEARCH_PATHS = (
					"$(inherited)",
					"@executable_path/Frameworks",
				);
				MACOSX_DEPLOYMENT_TARGET = 11.1;
				MARKETING_VERSION = 1.1;
				PRODUCT_BUNDLE_IDENTIFIER = com.codershigh.LastSecond;
				PRODUCT_NAME = "$(TARGET_NAME)";
				SWIFT_VERSION = 5.0;
				TARGETED_DEVICE_FAMILY = 1;
			};
			name = Debug;
		};
		BA663FC025917ECF0031ACFE /* Release */ = {
			isa = XCBuildConfiguration;
			baseConfigurationReference = FB3A66001325B865DBA923EB /* Pods-FunhiPrototype2.release.xcconfig */;
			buildSettings = {
				ASSETCATALOG_COMPILER_APPICON_NAME = AppIcon;
				ASSETCATALOG_COMPILER_GLOBAL_ACCENT_COLOR_NAME = AccentColor;
				CODE_SIGN_STYLE = Automatic;
				CURRENT_PROJECT_VERSION = 5;
				DEVELOPMENT_TEAM = 4QG3GC35LA;
				INFOPLIST_FILE = FunhiPrototype2/Info.plist;
				IPHONEOS_DEPLOYMENT_TARGET = 13.0;
				LD_RUNPATH_SEARCH_PATHS = (
					"$(inherited)",
					"@executable_path/Frameworks",
				);
				MACOSX_DEPLOYMENT_TARGET = 11.1;
				MARKETING_VERSION = 1.1;
				PRODUCT_BUNDLE_IDENTIFIER = com.codershigh.LastSecond;
				PRODUCT_NAME = "$(TARGET_NAME)";
				SWIFT_VERSION = 5.0;
				TARGETED_DEVICE_FAMILY = 1;
			};
			name = Release;
		};
		BA663FC225917ECF0031ACFE /* Debug */ = {
			isa = XCBuildConfiguration;
			baseConfigurationReference = F8BC5DD483A7F20F43F67948 /* Pods-FunhiPrototype2Tests.debug.xcconfig */;
			buildSettings = {
				ALWAYS_EMBED_SWIFT_STANDARD_LIBRARIES = YES;
				BUNDLE_LOADER = "$(TEST_HOST)";
				CODE_SIGN_STYLE = Automatic;
				INFOPLIST_FILE = FunhiPrototype2Tests/Info.plist;
				IPHONEOS_DEPLOYMENT_TARGET = 14.3;
				LD_RUNPATH_SEARCH_PATHS = (
					"$(inherited)",
					"@executable_path/Frameworks",
					"@loader_path/Frameworks",
				);
				PRODUCT_BUNDLE_IDENTIFIER = com.heroson.FunhiPrototype2Tests;
				PRODUCT_NAME = "$(TARGET_NAME)";
				SWIFT_VERSION = 5.0;
				TARGETED_DEVICE_FAMILY = "1,2";
				TEST_HOST = "$(BUILT_PRODUCTS_DIR)/FunhiPrototype2.app/FunhiPrototype2";
			};
			name = Debug;
		};
		BA663FC325917ECF0031ACFE /* Release */ = {
			isa = XCBuildConfiguration;
			baseConfigurationReference = C30351761D6243F77A701268 /* Pods-FunhiPrototype2Tests.release.xcconfig */;
			buildSettings = {
				ALWAYS_EMBED_SWIFT_STANDARD_LIBRARIES = YES;
				BUNDLE_LOADER = "$(TEST_HOST)";
				CODE_SIGN_STYLE = Automatic;
				INFOPLIST_FILE = FunhiPrototype2Tests/Info.plist;
				IPHONEOS_DEPLOYMENT_TARGET = 14.3;
				LD_RUNPATH_SEARCH_PATHS = (
					"$(inherited)",
					"@executable_path/Frameworks",
					"@loader_path/Frameworks",
				);
				PRODUCT_BUNDLE_IDENTIFIER = com.heroson.FunhiPrototype2Tests;
				PRODUCT_NAME = "$(TARGET_NAME)";
				SWIFT_VERSION = 5.0;
				TARGETED_DEVICE_FAMILY = "1,2";
				TEST_HOST = "$(BUILT_PRODUCTS_DIR)/FunhiPrototype2.app/FunhiPrototype2";
			};
			name = Release;
		};
		BA663FC525917ECF0031ACFE /* Debug */ = {
			isa = XCBuildConfiguration;
			baseConfigurationReference = 2834852AFA6812B2870386AF /* Pods-FunhiPrototype2-FunhiPrototype2UITests.debug.xcconfig */;
			buildSettings = {
				ALWAYS_EMBED_SWIFT_STANDARD_LIBRARIES = YES;
				CODE_SIGN_STYLE = Automatic;
				INFOPLIST_FILE = FunhiPrototype2UITests/Info.plist;
				LD_RUNPATH_SEARCH_PATHS = (
					"$(inherited)",
					"@executable_path/Frameworks",
					"@loader_path/Frameworks",
				);
				PRODUCT_BUNDLE_IDENTIFIER = com.heroson.FunhiPrototype2UITests;
				PRODUCT_NAME = "$(TARGET_NAME)";
				SWIFT_VERSION = 5.0;
				TARGETED_DEVICE_FAMILY = "1,2";
				TEST_TARGET_NAME = FunhiPrototype2;
			};
			name = Debug;
		};
		BA663FC625917ECF0031ACFE /* Release */ = {
			isa = XCBuildConfiguration;
			baseConfigurationReference = 54F91754444D66678829CC10 /* Pods-FunhiPrototype2-FunhiPrototype2UITests.release.xcconfig */;
			buildSettings = {
				ALWAYS_EMBED_SWIFT_STANDARD_LIBRARIES = YES;
				CODE_SIGN_STYLE = Automatic;
				INFOPLIST_FILE = FunhiPrototype2UITests/Info.plist;
				LD_RUNPATH_SEARCH_PATHS = (
					"$(inherited)",
					"@executable_path/Frameworks",
					"@loader_path/Frameworks",
				);
				PRODUCT_BUNDLE_IDENTIFIER = com.heroson.FunhiPrototype2UITests;
				PRODUCT_NAME = "$(TARGET_NAME)";
				SWIFT_VERSION = 5.0;
				TARGETED_DEVICE_FAMILY = "1,2";
				TEST_TARGET_NAME = FunhiPrototype2;
			};
			name = Release;
		};
/* End XCBuildConfiguration section */

/* Begin XCConfigurationList section */
		BA663F8F25917ECC0031ACFE /* Build configuration list for PBXProject "FunhiPrototype2" */ = {
			isa = XCConfigurationList;
			buildConfigurations = (
				BA663FBC25917ECF0031ACFE /* Debug */,
				BA663FBD25917ECF0031ACFE /* Release */,
			);
			defaultConfigurationIsVisible = 0;
			defaultConfigurationName = Release;
		};
		BA663FBE25917ECF0031ACFE /* Build configuration list for PBXNativeTarget "FunhiPrototype2" */ = {
			isa = XCConfigurationList;
			buildConfigurations = (
				BA663FBF25917ECF0031ACFE /* Debug */,
				BA663FC025917ECF0031ACFE /* Release */,
			);
			defaultConfigurationIsVisible = 0;
			defaultConfigurationName = Release;
		};
		BA663FC125917ECF0031ACFE /* Build configuration list for PBXNativeTarget "FunhiPrototype2Tests" */ = {
			isa = XCConfigurationList;
			buildConfigurations = (
				BA663FC225917ECF0031ACFE /* Debug */,
				BA663FC325917ECF0031ACFE /* Release */,
			);
			defaultConfigurationIsVisible = 0;
			defaultConfigurationName = Release;
		};
		BA663FC425917ECF0031ACFE /* Build configuration list for PBXNativeTarget "FunhiPrototype2UITests" */ = {
			isa = XCConfigurationList;
			buildConfigurations = (
				BA663FC525917ECF0031ACFE /* Debug */,
				BA663FC625917ECF0031ACFE /* Release */,
			);
			defaultConfigurationIsVisible = 0;
			defaultConfigurationName = Release;
		};
/* End XCConfigurationList section */
	};
	rootObject = BA663F8C25917ECC0031ACFE /* Project object */;
}
