// !$*UTF8*$!
{
	archiveVersion = 1;
	classes = {
	};
	objectVersion = 50;
	objects = {

/* Begin PBXBuildFile section */
		45669809252AB752003983EB /* 스크린샷 2020-04-27 오후 2.46.35.jpg in Resources */ = {isa = PBXBuildFile; fileRef = 45669808252AB751003983EB /* 스크린샷 2020-04-27 오후 2.46.35.jpg */; };
		45997066251D6CBD00A32676 /* ARViewController.swift in Sources */ = {isa = PBXBuildFile; fileRef = 45997065251D6CBD00A32676 /* ARViewController.swift */; };
		4599706A251D6D2600A32676 /* WoodAR.rcproject in Sources */ = {isa = PBXBuildFile; fileRef = 45997069251D6D2500A32676 /* WoodAR.rcproject */; };
		45E8522A2502263D00C3F9A1 /* ChoiceTableViewCell.swift in Sources */ = {isa = PBXBuildFile; fileRef = 45E852292502263D00C3F9A1 /* ChoiceTableViewCell.swift */; };
		BA4E3C3925008F790080B174 /* dataModel.swift in Sources */ = {isa = PBXBuildFile; fileRef = BA4E3C3825008F790080B174 /* dataModel.swift */; };
		BA7A7EA824FCE0A500B42CA5 /* AppDelegate.swift in Sources */ = {isa = PBXBuildFile; fileRef = BA7A7EA724FCE0A500B42CA5 /* AppDelegate.swift */; };
		BA7A7EAA24FCE0A500B42CA5 /* SceneDelegate.swift in Sources */ = {isa = PBXBuildFile; fileRef = BA7A7EA924FCE0A500B42CA5 /* SceneDelegate.swift */; };
		BA7A7EAC24FCE0A500B42CA5 /* MainViewController.swift in Sources */ = {isa = PBXBuildFile; fileRef = BA7A7EAB24FCE0A500B42CA5 /* MainViewController.swift */; };
		BA7A7EAF24FCE0A500B42CA5 /* Main.storyboard in Resources */ = {isa = PBXBuildFile; fileRef = BA7A7EAD24FCE0A500B42CA5 /* Main.storyboard */; };
		BA7A7EB124FCE0A600B42CA5 /* Assets.xcassets in Resources */ = {isa = PBXBuildFile; fileRef = BA7A7EB024FCE0A600B42CA5 /* Assets.xcassets */; };
		BA7A7EB424FCE0A600B42CA5 /* LaunchScreen.storyboard in Resources */ = {isa = PBXBuildFile; fileRef = BA7A7EB224FCE0A600B42CA5 /* LaunchScreen.storyboard */; };
		BA7A7EBC24FD092800B42CA5 /* storyBoard_0.swift in Sources */ = {isa = PBXBuildFile; fileRef = BA7A7EBB24FD092800B42CA5 /* storyBoard_0.swift */; };
		BA7A7EBE24FD093D00B42CA5 /* storyBoard_2.swift in Sources */ = {isa = PBXBuildFile; fileRef = BA7A7EBD24FD093D00B42CA5 /* storyBoard_2.swift */; };
		BA7A7EC224FD0D6200B42CA5 /* settingViewController.swift in Sources */ = {isa = PBXBuildFile; fileRef = BA7A7EC124FD0D6200B42CA5 /* settingViewController.swift */; };
		BA8946DB251C713E0073B6E2 /* storyTableViewCell.swift in Sources */ = {isa = PBXBuildFile; fileRef = BA8946DA251C713E0073B6E2 /* storyTableViewCell.swift */; };
/* End PBXBuildFile section */

/* Begin PBXFileReference section */
		45669808252AB751003983EB /* 스크린샷 2020-04-27 오후 2.46.35.jpg */ = {isa = PBXFileReference; lastKnownFileType = image.jpeg; path = "스크린샷 2020-04-27 오후 2.46.35.jpg"; sourceTree = "<group>"; };
		45997065251D6CBD00A32676 /* ARViewController.swift */ = {isa = PBXFileReference; lastKnownFileType = sourcecode.swift; path = ARViewController.swift; sourceTree = "<group>"; };
		45997069251D6D2500A32676 /* WoodAR.rcproject */ = {isa = PBXFileReference; lastKnownFileType = file.rcproject; path = WoodAR.rcproject; sourceTree = "<group>"; };
		45997075251D927D00A32676 /* KoPubWorld Batang_Pro Medium.otf */ = {isa = PBXFileReference; lastKnownFileType = file; path = "KoPubWorld Batang_Pro Medium.otf"; sourceTree = "<group>"; };
		45E852292502263D00C3F9A1 /* ChoiceTableViewCell.swift */ = {isa = PBXFileReference; lastKnownFileType = sourcecode.swift; path = ChoiceTableViewCell.swift; sourceTree = "<group>"; };
		BA4E3C3825008F790080B174 /* dataModel.swift */ = {isa = PBXFileReference; lastKnownFileType = sourcecode.swift; path = dataModel.swift; sourceTree = "<group>"; };
		BA7A7EA424FCE0A500B42CA5 /* Seoul2033.app */ = {isa = PBXFileReference; explicitFileType = wrapper.application; includeInIndex = 0; path = Seoul2033.app; sourceTree = BUILT_PRODUCTS_DIR; };
		BA7A7EA724FCE0A500B42CA5 /* AppDelegate.swift */ = {isa = PBXFileReference; lastKnownFileType = sourcecode.swift; path = AppDelegate.swift; sourceTree = "<group>"; };
		BA7A7EA924FCE0A500B42CA5 /* SceneDelegate.swift */ = {isa = PBXFileReference; lastKnownFileType = sourcecode.swift; path = SceneDelegate.swift; sourceTree = "<group>"; };
		BA7A7EAB24FCE0A500B42CA5 /* MainViewController.swift */ = {isa = PBXFileReference; lastKnownFileType = sourcecode.swift; path = MainViewController.swift; sourceTree = "<group>"; };
		BA7A7EAE24FCE0A500B42CA5 /* Base */ = {isa = PBXFileReference; lastKnownFileType = file.storyboard; name = Base; path = Base.lproj/Main.storyboard; sourceTree = "<group>"; };
		BA7A7EB024FCE0A600B42CA5 /* Assets.xcassets */ = {isa = PBXFileReference; lastKnownFileType = folder.assetcatalog; path = Assets.xcassets; sourceTree = "<group>"; };
		BA7A7EB324FCE0A600B42CA5 /* Base */ = {isa = PBXFileReference; lastKnownFileType = file.storyboard; name = Base; path = Base.lproj/LaunchScreen.storyboard; sourceTree = "<group>"; };
		BA7A7EB524FCE0A600B42CA5 /* Info.plist */ = {isa = PBXFileReference; lastKnownFileType = text.plist.xml; path = Info.plist; sourceTree = "<group>"; };
		BA7A7EBB24FD092800B42CA5 /* storyBoard_0.swift */ = {isa = PBXFileReference; lastKnownFileType = sourcecode.swift; path = storyBoard_0.swift; sourceTree = "<group>"; };
		BA7A7EBD24FD093D00B42CA5 /* storyBoard_2.swift */ = {isa = PBXFileReference; lastKnownFileType = sourcecode.swift; path = storyBoard_2.swift; sourceTree = "<group>"; };
		BA7A7EC124FD0D6200B42CA5 /* settingViewController.swift */ = {isa = PBXFileReference; lastKnownFileType = sourcecode.swift; path = settingViewController.swift; sourceTree = "<group>"; };
		BA8946DA251C713E0073B6E2 /* storyTableViewCell.swift */ = {isa = PBXFileReference; fileEncoding = 4; lastKnownFileType = sourcecode.swift; path = storyTableViewCell.swift; sourceTree = "<group>"; };
/* End PBXFileReference section */

/* Begin PBXFrameworksBuildPhase section */
		BA7A7EA124FCE0A500B42CA5 /* Frameworks */ = {
			isa = PBXFrameworksBuildPhase;
			buildActionMask = 2147483647;
			files = (
			);
			runOnlyForDeploymentPostprocessing = 0;
		};
/* End PBXFrameworksBuildPhase section */

/* Begin PBXGroup section */
		BA7A7E9B24FCE0A500B42CA5 = {
			isa = PBXGroup;
			children = (
				BA7A7EA624FCE0A500B42CA5 /* Seoul2033 */,
				BA7A7EA524FCE0A500B42CA5 /* Products */,
			);
			sourceTree = "<group>";
		};
		BA7A7EA524FCE0A500B42CA5 /* Products */ = {
			isa = PBXGroup;
			children = (
				BA7A7EA424FCE0A500B42CA5 /* Seoul2033.app */,
			);
			name = Products;
			sourceTree = "<group>";
		};
		BA7A7EA624FCE0A500B42CA5 /* Seoul2033 */ = {
			isa = PBXGroup;
			children = (
				BA7A7EA724FCE0A500B42CA5 /* AppDelegate.swift */,
				BA7A7EA924FCE0A500B42CA5 /* SceneDelegate.swift */,
				BA7A7EAD24FCE0A500B42CA5 /* Main.storyboard */,
				BA7A7EB024FCE0A600B42CA5 /* Assets.xcassets */,
				45669808252AB751003983EB /* 스크린샷 2020-04-27 오후 2.46.35.jpg */,
				45997069251D6D2500A32676 /* WoodAR.rcproject */,
				BA7A7EB224FCE0A600B42CA5 /* LaunchScreen.storyboard */,
				BA7A7EB524FCE0A600B42CA5 /* Info.plist */,
				45997075251D927D00A32676 /* KoPubWorld Batang_Pro Medium.otf */,
				BA4E3C3825008F790080B174 /* dataModel.swift */,
				BA8946DA251C713E0073B6E2 /* storyTableViewCell.swift */,
				BA7A7EAB24FCE0A500B42CA5 /* MainViewController.swift */,
				45E852292502263D00C3F9A1 /* ChoiceTableViewCell.swift */,
				BA7A7EBB24FD092800B42CA5 /* storyBoard_0.swift */,
				BA7A7EBD24FD093D00B42CA5 /* storyBoard_2.swift */,
				BA7A7EC124FD0D6200B42CA5 /* settingViewController.swift */,
				45997065251D6CBD00A32676 /* ARViewController.swift */,
			);
			path = Seoul2033;
			sourceTree = "<group>";
		};
/* End PBXGroup section */

/* Begin PBXNativeTarget section */
		BA7A7EA324FCE0A500B42CA5 /* Seoul2033 */ = {
			isa = PBXNativeTarget;
			buildConfigurationList = BA7A7EB824FCE0A600B42CA5 /* Build configuration list for PBXNativeTarget "Seoul2033" */;
			buildPhases = (
				BA7A7EA024FCE0A500B42CA5 /* Sources */,
				BA7A7EA124FCE0A500B42CA5 /* Frameworks */,
				BA7A7EA224FCE0A500B42CA5 /* Resources */,
			);
			buildRules = (
			);
			dependencies = (
			);
			name = Seoul2033;
			productName = Seoul2033;
			productReference = BA7A7EA424FCE0A500B42CA5 /* Seoul2033.app */;
			productType = "com.apple.product-type.application";
		};
/* End PBXNativeTarget section */

/* Begin PBXProject section */
		BA7A7E9C24FCE0A500B42CA5 /* Project object */ = {
			isa = PBXProject;
			attributes = {
				LastSwiftUpdateCheck = 1160;
				LastUpgradeCheck = 1200;
				ORGANIZATIONNAME = "손영웅";
				TargetAttributes = {
					BA7A7EA324FCE0A500B42CA5 = {
						CreatedOnToolsVersion = 11.6;
					};
				};
			};
			buildConfigurationList = BA7A7E9F24FCE0A500B42CA5 /* Build configuration list for PBXProject "Seoul2033" */;
			compatibilityVersion = "Xcode 9.3";
			developmentRegion = en;
			hasScannedForEncodings = 0;
			knownRegions = (
				en,
				Base,
			);
			mainGroup = BA7A7E9B24FCE0A500B42CA5;
			productRefGroup = BA7A7EA524FCE0A500B42CA5 /* Products */;
			projectDirPath = "";
			projectRoot = "";
			targets = (
				BA7A7EA324FCE0A500B42CA5 /* Seoul2033 */,
			);
		};
/* End PBXProject section */

/* Begin PBXResourcesBuildPhase section */
		BA7A7EA224FCE0A500B42CA5 /* Resources */ = {
			isa = PBXResourcesBuildPhase;
			buildActionMask = 2147483647;
			files = (
				BA7A7EB424FCE0A600B42CA5 /* LaunchScreen.storyboard in Resources */,
				45669809252AB752003983EB /* 스크린샷 2020-04-27 오후 2.46.35.jpg in Resources */,
				BA7A7EB124FCE0A600B42CA5 /* Assets.xcassets in Resources */,
				BA7A7EAF24FCE0A500B42CA5 /* Main.storyboard in Resources */,
			);
			runOnlyForDeploymentPostprocessing = 0;
		};
/* End PBXResourcesBuildPhase section */

/* Begin PBXSourcesBuildPhase section */
		BA7A7EA024FCE0A500B42CA5 /* Sources */ = {
			isa = PBXSourcesBuildPhase;
			buildActionMask = 2147483647;
			files = (
				BA7A7EAC24FCE0A500B42CA5 /* MainViewController.swift in Sources */,
				BA7A7EBE24FD093D00B42CA5 /* storyBoard_2.swift in Sources */,
				45E8522A2502263D00C3F9A1 /* ChoiceTableViewCell.swift in Sources */,
				BA7A7EBC24FD092800B42CA5 /* storyBoard_0.swift in Sources */,
				BA7A7EA824FCE0A500B42CA5 /* AppDelegate.swift in Sources */,
				4599706A251D6D2600A32676 /* WoodAR.rcproject in Sources */,
				BA7A7EAA24FCE0A500B42CA5 /* SceneDelegate.swift in Sources */,
				BA7A7EC224FD0D6200B42CA5 /* settingViewController.swift in Sources */,
				BA8946DB251C713E0073B6E2 /* storyTableViewCell.swift in Sources */,
				BA4E3C3925008F790080B174 /* dataModel.swift in Sources */,
				45997066251D6CBD00A32676 /* ARViewController.swift in Sources */,
			);
			runOnlyForDeploymentPostprocessing = 0;
		};
/* End PBXSourcesBuildPhase section */

/* Begin PBXVariantGroup section */
		BA7A7EAD24FCE0A500B42CA5 /* Main.storyboard */ = {
			isa = PBXVariantGroup;
			children = (
				BA7A7EAE24FCE0A500B42CA5 /* Base */,
			);
			name = Main.storyboard;
			sourceTree = "<group>";
		};
		BA7A7EB224FCE0A600B42CA5 /* LaunchScreen.storyboard */ = {
			isa = PBXVariantGroup;
			children = (
				BA7A7EB324FCE0A600B42CA5 /* Base */,
			);
			name = LaunchScreen.storyboard;
			sourceTree = "<group>";
		};
/* End PBXVariantGroup section */

/* Begin XCBuildConfiguration section */
		BA7A7EB624FCE0A600B42CA5 /* Debug */ = {
			isa = XCBuildConfiguration;
			buildSettings = {
				ALWAYS_SEARCH_USER_PATHS = NO;
				CLANG_ANALYZER_NONNULL = YES;
				CLANG_ANALYZER_NUMBER_OBJECT_CONVERSION = YES_AGGRESSIVE;
				CLANG_CXX_LANGUAGE_STANDARD = "gnu++14";
				CLANG_CXX_LIBRARY = "libc++";
				CLANG_ENABLE_MODULES = YES;
				CLANG_ENABLE_OBJC_ARC = YES;
				CLANG_ENABLE_OBJC_WEAK = YES;
				CLANG_WARN_BLOCK_CAPTURE_AUTORELEASING = YES;
				CLANG_WARN_BOOL_CONVERSION = YES;
				CLANG_WARN_COMMA = YES;
				CLANG_WARN_CONSTANT_CONVERSION = YES;
				CLANG_WARN_DEPRECATED_OBJC_IMPLEMENTATIONS = YES;
				CLANG_WARN_DIRECT_OBJC_ISA_USAGE = YES_ERROR;
				CLANG_WARN_DOCUMENTATION_COMMENTS = YES;
				CLANG_WARN_EMPTY_BODY = YES;
				CLANG_WARN_ENUM_CONVERSION = YES;
				CLANG_WARN_INFINITE_RECURSION = YES;
				CLANG_WARN_INT_CONVERSION = YES;
				CLANG_WARN_NON_LITERAL_NULL_CONVERSION = YES;
				CLANG_WARN_OBJC_IMPLICIT_RETAIN_SELF = YES;
				CLANG_WARN_OBJC_LITERAL_CONVERSION = YES;
				CLANG_WARN_OBJC_ROOT_CLASS = YES_ERROR;
				CLANG_WARN_QUOTED_INCLUDE_IN_FRAMEWORK_HEADER = YES;
				CLANG_WARN_RANGE_LOOP_ANALYSIS = YES;
				CLANG_WARN_STRICT_PROTOTYPES = YES;
				CLANG_WARN_SUSPICIOUS_MOVE = YES;
				CLANG_WARN_UNGUARDED_AVAILABILITY = YES_AGGRESSIVE;
				CLANG_WARN_UNREACHABLE_CODE = YES;
				CLANG_WARN__DUPLICATE_METHOD_MATCH = YES;
				COPY_PHASE_STRIP = NO;
				DEBUG_INFORMATION_FORMAT = dwarf;
				ENABLE_STRICT_OBJC_MSGSEND = YES;
				ENABLE_TESTABILITY = YES;
				GCC_C_LANGUAGE_STANDARD = gnu11;
				GCC_DYNAMIC_NO_PIC = NO;
				GCC_NO_COMMON_BLOCKS = YES;
				GCC_OPTIMIZATION_LEVEL = 0;
				GCC_PREPROCESSOR_DEFINITIONS = (
					"DEBUG=1",
					"$(inherited)",
				);
				GCC_WARN_64_TO_32_BIT_CONVERSION = YES;
				GCC_WARN_ABOUT_RETURN_TYPE = YES_ERROR;
				GCC_WARN_UNDECLARED_SELECTOR = YES;
				GCC_WARN_UNINITIALIZED_AUTOS = YES_AGGRESSIVE;
				GCC_WARN_UNUSED_FUNCTION = YES;
				GCC_WARN_UNUSED_VARIABLE = YES;
				IPHONEOS_DEPLOYMENT_TARGET = 13.6;
				MTL_ENABLE_DEBUG_INFO = INCLUDE_SOURCE;
				MTL_FAST_MATH = YES;
				ONLY_ACTIVE_ARCH = YES;
				SDKROOT = iphoneos;
				SWIFT_ACTIVE_COMPILATION_CONDITIONS = DEBUG;
				SWIFT_OPTIMIZATION_LEVEL = "-Onone";
			};
			name = Debug;
		};
		BA7A7EB724FCE0A600B42CA5 /* Release */ = {
			isa = XCBuildConfiguration;
			buildSettings = {
				ALWAYS_SEARCH_USER_PATHS = NO;
				CLANG_ANALYZER_NONNULL = YES;
				CLANG_ANALYZER_NUMBER_OBJECT_CONVERSION = YES_AGGRESSIVE;
				CLANG_CXX_LANGUAGE_STANDARD = "gnu++14";
				CLANG_CXX_LIBRARY = "libc++";
				CLANG_ENABLE_MODULES = YES;
				CLANG_ENABLE_OBJC_ARC = YES;
				CLANG_ENABLE_OBJC_WEAK = YES;
				CLANG_WARN_BLOCK_CAPTURE_AUTORELEASING = YES;
				CLANG_WARN_BOOL_CONVERSION = YES;
				CLANG_WARN_COMMA = YES;
				CLANG_WARN_CONSTANT_CONVERSION = YES;
				CLANG_WARN_DEPRECATED_OBJC_IMPLEMENTATIONS = YES;
				CLANG_WARN_DIRECT_OBJC_ISA_USAGE = YES_ERROR;
				CLANG_WARN_DOCUMENTATION_COMMENTS = YES;
				CLANG_WARN_EMPTY_BODY = YES;
				CLANG_WARN_ENUM_CONVERSION = YES;
				CLANG_WARN_INFINITE_RECURSION = YES;
				CLANG_WARN_INT_CONVERSION = YES;
				CLANG_WARN_NON_LITERAL_NULL_CONVERSION = YES;
				CLANG_WARN_OBJC_IMPLICIT_RETAIN_SELF = YES;
				CLANG_WARN_OBJC_LITERAL_CONVERSION = YES;
				CLANG_WARN_OBJC_ROOT_CLASS = YES_ERROR;
				CLANG_WARN_QUOTED_INCLUDE_IN_FRAMEWORK_HEADER = YES;
				CLANG_WARN_RANGE_LOOP_ANALYSIS = YES;
				CLANG_WARN_STRICT_PROTOTYPES = YES;
				CLANG_WARN_SUSPICIOUS_MOVE = YES;
				CLANG_WARN_UNGUARDED_AVAILABILITY = YES_AGGRESSIVE;
				CLANG_WARN_UNREACHABLE_CODE = YES;
				CLANG_WARN__DUPLICATE_METHOD_MATCH = YES;
				COPY_PHASE_STRIP = NO;
				DEBUG_INFORMATION_FORMAT = "dwarf-with-dsym";
				ENABLE_NS_ASSERTIONS = NO;
				ENABLE_STRICT_OBJC_MSGSEND = YES;
				GCC_C_LANGUAGE_STANDARD = gnu11;
				GCC_NO_COMMON_BLOCKS = YES;
				GCC_WARN_64_TO_32_BIT_CONVERSION = YES;
				GCC_WARN_ABOUT_RETURN_TYPE = YES_ERROR;
				GCC_WARN_UNDECLARED_SELECTOR = YES;
				GCC_WARN_UNINITIALIZED_AUTOS = YES_AGGRESSIVE;
				GCC_WARN_UNUSED_FUNCTION = YES;
				GCC_WARN_UNUSED_VARIABLE = YES;
				IPHONEOS_DEPLOYMENT_TARGET = 13.6;
				MTL_ENABLE_DEBUG_INFO = NO;
				MTL_FAST_MATH = YES;
				SDKROOT = iphoneos;
				SWIFT_COMPILATION_MODE = wholemodule;
				SWIFT_OPTIMIZATION_LEVEL = "-O";
				VALIDATE_PRODUCT = YES;
			};
			name = Release;
		};
		BA7A7EB924FCE0A600B42CA5 /* Debug */ = {
			isa = XCBuildConfiguration;
			buildSettings = {
				ASSETCATALOG_COMPILER_APPICON_NAME = AppIcon;
				CODE_SIGN_STYLE = Automatic;
				DEVELOPMENT_TEAM = FZ535FMP8N;
				INFOPLIST_FILE = Seoul2033/Info.plist;
				LD_RUNPATH_SEARCH_PATHS = (
					"$(inherited)",
					"@executable_path/Frameworks",
				);
				PRODUCT_BUNDLE_IDENTIFIER = com.seoyeon.Seoul2033;
				PRODUCT_NAME = "$(TARGET_NAME)";
				SWIFT_VERSION = 5.0;
				TARGETED_DEVICE_FAMILY = "1,2";
			};
			name = Debug;
		};
		BA7A7EBA24FCE0A600B42CA5 /* Release */ = {
			isa = XCBuildConfiguration;
			buildSettings = {
				ASSETCATALOG_COMPILER_APPICON_NAME = AppIcon;
				CODE_SIGN_STYLE = Automatic;
				DEVELOPMENT_TEAM = FZ535FMP8N;
				INFOPLIST_FILE = Seoul2033/Info.plist;
				LD_RUNPATH_SEARCH_PATHS = (
					"$(inherited)",
					"@executable_path/Frameworks",
				);
				PRODUCT_BUNDLE_IDENTIFIER = com.seoyeon.Seoul2033;
				PRODUCT_NAME = "$(TARGET_NAME)";
				SWIFT_VERSION = 5.0;
				TARGETED_DEVICE_FAMILY = "1,2";
			};
			name = Release;
		};
/* End XCBuildConfiguration section */

/* Begin XCConfigurationList section */
		BA7A7E9F24FCE0A500B42CA5 /* Build configuration list for PBXProject "Seoul2033" */ = {
			isa = XCConfigurationList;
			buildConfigurations = (
				BA7A7EB624FCE0A600B42CA5 /* Debug */,
				BA7A7EB724FCE0A600B42CA5 /* Release */,
			);
			defaultConfigurationIsVisible = 0;
			defaultConfigurationName = Release;
		};
		BA7A7EB824FCE0A600B42CA5 /* Build configuration list for PBXNativeTarget "Seoul2033" */ = {
			isa = XCConfigurationList;
			buildConfigurations = (
				BA7A7EB924FCE0A600B42CA5 /* Debug */,
				BA7A7EBA24FCE0A600B42CA5 /* Release */,
			);
			defaultConfigurationIsVisible = 0;
			defaultConfigurationName = Release;
		};
/* End XCConfigurationList section */
	};
	rootObject = BA7A7E9C24FCE0A500B42CA5 /* Project object */;
}
